<?xml version="1.0" encoding="utf-8"?>
<Project ToolsVersion="4.0" xmlns="http://schemas.microsoft.com/developer/msbuild/2003">
  <ItemGroup>
    <ClCompile Include="PhysicsManager.cpp" />
    <ClCompile Include="PhysicStream.cpp" />
    <ClCompile Include="PhysicASELoader.cpp" />
    <ClCompile Include="PhysicMaterial.cpp" />
    <ClCompile Include="PhysxBone.cpp" />
    <ClCompile Include="PhysxGrenade.cpp" />
    <ClCompile Include="PhysxSkeleton.cpp" />
    <ClCompile Include="PhysicUserAllocator.cpp">
      <Filter>Utils</Filter>
    </ClCompile>
    <ClCompile Include="PhysicActor.cpp">
      <Filter>Actor</Filter>
    </ClCompile>
    <ClCompile Include="PhysicTriggerReport.cpp">
      <Filter>Trigger</Filter>
    </ClCompile>
    <ClCompile Include="PhysicRevoluteJoint.cpp">
      <Filter>Joints</Filter>
    </ClCompile>
    <ClCompile Include="PhysicSphericalJoint.cpp">
      <Filter>Joints</Filter>
    </ClCompile>
    <ClCompile Include="PhysicFixedJoint.cpp">
      <Filter>Joints</Filter>
    </ClCompile>
    <ClCompile Include="PhysicCollisionReport.cpp">
      <Filter>Trigger</Filter>
    </ClCompile>
    <ClCompile Include="PhysicCookingMesh.cpp">
      <Filter>Cooking Mesh</Filter>
    </ClCompile>
    <ClCompile Include="PhysicController.cpp">
      <Filter>Actor</Filter>
    </ClCompile>
    <ClCompile Include="Jump.cpp">
      <Filter>Jump</Filter>
    </ClCompile>
  </ItemGroup>
  <ItemGroup>
    <ClInclude Include="PhysicsManager.h" />
    <ClInclude Include="PhysicStream.h" />
    <ClInclude Include="PhysicASELoader.h" />
    <ClInclude Include="PhysicMaterial.h" />
    <ClInclude Include="PhysxBone.h" />
    <ClInclude Include="PhysxGrenade.h" />
    <ClInclude Include="PhysxSkeleton.h" />
    <ClInclude Include="PhysicUserAllocator.h">
      <Filter>Utils</Filter>
    </ClInclude>
    <ClInclude Include="PhysicActor.h">
      <Filter>Actor</Filter>
    </ClInclude>
    <ClInclude Include="PhysicTriggerReport.h">
      <Filter>Trigger</Filter>
    </ClInclude>
    <ClInclude Include="PhysicRevoluteJoint.h">
      <Filter>Joints</Filter>
    </ClInclude>
    <ClInclude Include="PhysicSphericalJoint.h">
      <Filter>Joints</Filter>
    </ClInclude>
    <ClInclude Include="PhysicFixedJoint.h">
      <Filter>Joints</Filter>
    </ClInclude>
    <ClInclude Include="PhysicCollisionReport.h">
      <Filter>Trigger</Filter>
    </ClInclude>
    <ClInclude Include="PhysicsDefs.h" />
    <ClInclude Include="PhysicCookingMesh.h">
      <Filter>Cooking Mesh</Filter>
    </ClInclude>
    <ClInclude Include="PhysicController.h">
      <Filter>Actor</Filter>
    </ClInclude>
    <ClInclude Include="Jump.h">
      <Filter>Jump</Filter>
    </ClInclude>
    <ClInclude Include="PhysicsControllerHitReport.h">
      <Filter>Actor</Filter>
    </ClInclude>
    <ClInclude Include="JointsDefs.h">
      <Filter>Joints</Filter>
    </ClInclude>
  </ItemGroup>
  <ItemGroup>
    <Filter Include="Utils">
      <UniqueIdentifier>{98f121ef-33f5-4280-bf93-823a6fd8be87}</UniqueIdentifier>
    </Filter>
    <Filter Include="Actor">
      <UniqueIdentifier>{8e385da9-65a0-401e-abad-c7c576343fae}</UniqueIdentifier>
    </Filter>
    <Filter Include="Trigger">
      <UniqueIdentifier>{783f0162-37db-4bab-8241-aa074e344739}</UniqueIdentifier>
    </Filter>
    <Filter Include="Joints">
      <UniqueIdentifier>{a3367ee8-1d9e-4d7c-8946-2c84f98e133b}</UniqueIdentifier>
    </Filter>
    <Filter Include="Cooking Mesh">
      <UniqueIdentifier>{f281ad94-02ae-4a64-aa8c-53475e8b9fb6}</UniqueIdentifier>
    </Filter>
    <Filter Include="Jump">
      <UniqueIdentifier>{7f23cc2c-a256-4c9d-ae24-82d99fb617ed}</UniqueIdentifier>
    </Filter>
  </ItemGroup>
</Project>