
Microsoft Visual Studio Solution File, Format Version 11.00
# Visual Studio 2010
Project("{2150E333-8FDC-42A3-9474-1A3956D46DE8}") = "Engine", "Engine", "{89B7EDB2-26F8-4062-BD0B-B1BCEB87C1DD}"
EndProject
Project("{2150E333-8FDC-42A3-9474-1A3956D46DE8}") = "Games", "Games", "{CF7CD5D8-B841-4EDB-944E-C49ACF7AF798}"
EndProject
Project("{2150E333-8FDC-42A3-9474-1A3956D46DE8}") = "Tools", "Tools", "{2F019978-0CB4-4798-B77E-B7FF50813AFC}"
EndProject
Project("{8BC9CEB8-8B4A-11D0-8D11-00A0C91BC942}") = "Videogame", "Code\Videogame\Videogame.vcxproj", "{CD931B9E-6FB0-4A2E-997C-F8DCD0D2DDE0}"
	ProjectSection(ProjectDependencies) = postProject
		{13D69848-EE97-4804-9A7F-56CAD20EB8CB} = {13D69848-EE97-4804-9A7F-56CAD20EB8CB}
		{7C113882-E139-4B2D-9B91-8E2936AE8912} = {7C113882-E139-4B2D-9B91-8E2936AE8912}
		{3BD61883-BE21-4C92-964B-A1BDCBDC3403} = {3BD61883-BE21-4C92-964B-A1BDCBDC3403}
		{5730AB8A-773A-4D15-8C79-D6B3824B3764} = {5730AB8A-773A-4D15-8C79-D6B3824B3764}
		{43F70FEA-294C-4CA9-8958-1BA1B4F32BDB} = {43F70FEA-294C-4CA9-8958-1BA1B4F32BDB}
		{5638D0EE-CE82-44F6-8C71-F0B569947BE6} = {5638D0EE-CE82-44F6-8C71-F0B569947BE6}
		{385B57FD-59FD-45F1-A4D0-7D0277984561} = {385B57FD-59FD-45F1-A4D0-7D0277984561}
	EndProjectSection
EndProject
Project("{8BC9CEB8-8B4A-11D0-8D11-00A0C91BC942}") = "Core", "Code\Core\Core.vcxproj", "{7C113882-E139-4B2D-9B91-8E2936AE8912}"
EndProject
Project("{8BC9CEB8-8B4A-11D0-8D11-00A0C91BC942}") = "Base", "Code\Base\Base.vcxproj", "{43F70FEA-294C-4CA9-8958-1BA1B4F32BDB}"
EndProject
Project("{8BC9CEB8-8B4A-11D0-8D11-00A0C91BC942}") = "Graphics", "Code\Graphics\Graphics.vcxproj", "{5638D0EE-CE82-44F6-8C71-F0B569947BE6}"
EndProject
Project("{8BC9CEB8-8B4A-11D0-8D11-00A0C91BC942}") = "GUI", "Code\GUI\GUI.vcxproj", "{5730AB8A-773A-4D15-8C79-D6B3824B3764}"
EndProject
Project("{8BC9CEB8-8B4A-11D0-8D11-00A0C91BC942}") = "Network", "Code\Network\Network.vcxproj", "{3BD61883-BE21-4C92-964B-A1BDCBDC3403}"
EndProject
Project("{8BC9CEB8-8B4A-11D0-8D11-00A0C91BC942}") = "PhysX", "Code\PhysX\PhysX.vcxproj", "{385B57FD-59FD-45F1-A4D0-7D0277984561}"
EndProject
Project("{8BC9CEB8-8B4A-11D0-8D11-00A0C91BC942}") = "Sound", "Code\Sound\Sound.vcxproj", "{13D69848-EE97-4804-9A7F-56CAD20EB8CB}"
EndProject
Project("{8BC9CEB8-8B4A-11D0-8D11-00A0C91BC942}") = "Test", "Code\Test\Test.vcxproj", "{892B2871-D2E8-471E-9FBB-E3DD7A1C4D12}"
EndProject
Project("{8BC9CEB8-8B4A-11D0-8D11-00A0C91BC942}") = "Viewer", "Code\Tools\Viewer\Viewer.vcxproj", "{A0B76BCB-A564-440A-A287-E9D69F1E890B}"
EndProject
Global
	GlobalSection(SolutionConfigurationPlatforms) = preSolution
		Debug|Win32 = Debug|Win32
		Release|Win32 = Release|Win32
	EndGlobalSection
	GlobalSection(ProjectConfigurationPlatforms) = postSolution
		{CD931B9E-6FB0-4A2E-997C-F8DCD0D2DDE0}.Debug|Win32.ActiveCfg = Debug|Win32
		{CD931B9E-6FB0-4A2E-997C-F8DCD0D2DDE0}.Debug|Win32.Build.0 = Debug|Win32
		{CD931B9E-6FB0-4A2E-997C-F8DCD0D2DDE0}.Release|Win32.ActiveCfg = Release|Win32
		{CD931B9E-6FB0-4A2E-997C-F8DCD0D2DDE0}.Release|Win32.Build.0 = Release|Win32
		{7C113882-E139-4B2D-9B91-8E2936AE8912}.Debug|Win32.ActiveCfg = Debug|Win32
		{7C113882-E139-4B2D-9B91-8E2936AE8912}.Debug|Win32.Build.0 = Debug|Win32
		{7C113882-E139-4B2D-9B91-8E2936AE8912}.Release|Win32.ActiveCfg = Release|Win32
		{7C113882-E139-4B2D-9B91-8E2936AE8912}.Release|Win32.Build.0 = Release|Win32
		{43F70FEA-294C-4CA9-8958-1BA1B4F32BDB}.Debug|Win32.ActiveCfg = Debug|Win32
		{43F70FEA-294C-4CA9-8958-1BA1B4F32BDB}.Debug|Win32.Build.0 = Debug|Win32
		{43F70FEA-294C-4CA9-8958-1BA1B4F32BDB}.Release|Win32.ActiveCfg = Release|Win32
		{43F70FEA-294C-4CA9-8958-1BA1B4F32BDB}.Release|Win32.Build.0 = Release|Win32
		{5638D0EE-CE82-44F6-8C71-F0B569947BE6}.Debug|Win32.ActiveCfg = Debug|Win32
		{5638D0EE-CE82-44F6-8C71-F0B569947BE6}.Debug|Win32.Build.0 = Debug|Win32
		{5638D0EE-CE82-44F6-8C71-F0B569947BE6}.Release|Win32.ActiveCfg = Release|Win32
		{5638D0EE-CE82-44F6-8C71-F0B569947BE6}.Release|Win32.Build.0 = Release|Win32
		{5730AB8A-773A-4D15-8C79-D6B3824B3764}.Debug|Win32.ActiveCfg = Debug|Win32
		{5730AB8A-773A-4D15-8C79-D6B3824B3764}.Debug|Win32.Build.0 = Debug|Win32
		{5730AB8A-773A-4D15-8C79-D6B3824B3764}.Release|Win32.ActiveCfg = Release|Win32
		{5730AB8A-773A-4D15-8C79-D6B3824B3764}.Release|Win32.Build.0 = Release|Win32
		{3BD61883-BE21-4C92-964B-A1BDCBDC3403}.Debug|Win32.ActiveCfg = Debug|Win32
		{3BD61883-BE21-4C92-964B-A1BDCBDC3403}.Debug|Win32.Build.0 = Debug|Win32
		{3BD61883-BE21-4C92-964B-A1BDCBDC3403}.Release|Win32.ActiveCfg = Release|Win32
		{3BD61883-BE21-4C92-964B-A1BDCBDC3403}.Release|Win32.Build.0 = Release|Win32
		{385B57FD-59FD-45F1-A4D0-7D0277984561}.Debug|Win32.ActiveCfg = Debug|Win32
		{385B57FD-59FD-45F1-A4D0-7D0277984561}.Debug|Win32.Build.0 = Debug|Win32
		{385B57FD-59FD-45F1-A4D0-7D0277984561}.Release|Win32.ActiveCfg = Release|Win32
		{385B57FD-59FD-45F1-A4D0-7D0277984561}.Release|Win32.Build.0 = Release|Win32
		{13D69848-EE97-4804-9A7F-56CAD20EB8CB}.Debug|Win32.ActiveCfg = Debug|Win32
		{13D69848-EE97-4804-9A7F-56CAD20EB8CB}.Debug|Win32.Build.0 = Debug|Win32
		{13D69848-EE97-4804-9A7F-56CAD20EB8CB}.Release|Win32.ActiveCfg = Release|Win32
		{13D69848-EE97-4804-9A7F-56CAD20EB8CB}.Release|Win32.Build.0 = Release|Win32
		{892B2871-D2E8-471E-9FBB-E3DD7A1C4D12}.Debug|Win32.ActiveCfg = Debug|Win32
		{892B2871-D2E8-471E-9FBB-E3DD7A1C4D12}.Debug|Win32.Build.0 = Debug|Win32
		{892B2871-D2E8-471E-9FBB-E3DD7A1C4D12}.Release|Win32.ActiveCfg = Release|Win32
		{892B2871-D2E8-471E-9FBB-E3DD7A1C4D12}.Release|Win32.Build.0 = Release|Win32
		{A0B76BCB-A564-440A-A287-E9D69F1E890B}.Debug|Win32.ActiveCfg = Debug|Win32
		{A0B76BCB-A564-440A-A287-E9D69F1E890B}.Debug|Win32.Build.0 = Debug|Win32
		{A0B76BCB-A564-440A-A287-E9D69F1E890B}.Release|Win32.ActiveCfg = Release|Win32
		{A0B76BCB-A564-440A-A287-E9D69F1E890B}.Release|Win32.Build.0 = Release|Win32
	EndGlobalSection
	GlobalSection(SolutionProperties) = preSolution
		HideSolutionNode = FALSE
	EndGlobalSection
	GlobalSection(NestedProjects) = preSolution
		{7C113882-E139-4B2D-9B91-8E2936AE8912} = {89B7EDB2-26F8-4062-BD0B-B1BCEB87C1DD}
		{43F70FEA-294C-4CA9-8958-1BA1B4F32BDB} = {89B7EDB2-26F8-4062-BD0B-B1BCEB87C1DD}
		{5638D0EE-CE82-44F6-8C71-F0B569947BE6} = {89B7EDB2-26F8-4062-BD0B-B1BCEB87C1DD}
		{5730AB8A-773A-4D15-8C79-D6B3824B3764} = {89B7EDB2-26F8-4062-BD0B-B1BCEB87C1DD}
		{3BD61883-BE21-4C92-964B-A1BDCBDC3403} = {89B7EDB2-26F8-4062-BD0B-B1BCEB87C1DD}
		{385B57FD-59FD-45F1-A4D0-7D0277984561} = {89B7EDB2-26F8-4062-BD0B-B1BCEB87C1DD}
		{13D69848-EE97-4804-9A7F-56CAD20EB8CB} = {89B7EDB2-26F8-4062-BD0B-B1BCEB87C1DD}
		{CD931B9E-6FB0-4A2E-997C-F8DCD0D2DDE0} = {CF7CD5D8-B841-4EDB-944E-C49ACF7AF798}
		{892B2871-D2E8-471E-9FBB-E3DD7A1C4D12} = {2F019978-0CB4-4798-B77E-B7FF50813AFC}
		{A0B76BCB-A564-440A-A287-E9D69F1E890B} = {2F019978-0CB4-4798-B77E-B7FF50813AFC}
	EndGlobalSection
EndGlobal
