<?xml version="1.0" encoding="utf-8"?>
<Project ToolsVersion="4.0" xmlns="http://schemas.microsoft.com/developer/msbuild/2003">
  <ItemGroup>
    <ClInclude Include="RenderManager.h" />
    <ClInclude Include="GraphicsDefs.h" />
    <ClInclude Include="Cameras\Camera.h">
      <Filter>Cameras</Filter>
    </ClInclude>
    <ClInclude Include="Cameras\Frustum.h">
      <Filter>Cameras</Filter>
    </ClInclude>
    <ClInclude Include="Object3D.h" />
    <ClInclude Include="Fonts\FontManager.h">
      <Filter>Fonts</Filter>
    </ClInclude>
    <ClInclude Include="Cameras\FPSCamera.h">
      <Filter>Cameras\Types</Filter>
    </ClInclude>
    <ClInclude Include="Cameras\ThPSCamera.h">
      <Filter>Cameras\Types</Filter>
    </ClInclude>
    <ClInclude Include="InfoRender\LogRender.h">
      <Filter>InfoRender</Filter>
    </ClInclude>
    <ClInclude Include="InfoRender\DebugRender.h">
      <Filter>InfoRender</Filter>
    </ClInclude>
    <ClInclude Include="Textures\Texture.h">
      <Filter>Textures</Filter>
    </ClInclude>
    <ClInclude Include="Textures\TextureManager.h">
      <Filter>Textures</Filter>
    </ClInclude>
    <ClInclude Include="Vertexs\RenderableVertexs.h">
      <Filter>Vertexs</Filter>
    </ClInclude>
    <ClInclude Include="Vertexs\IndexedVertexs.h">
      <Filter>Vertexs</Filter>
    </ClInclude>
    <ClInclude Include="Vertexs\VertexType.h">
      <Filter>Vertexs</Filter>
    </ClInclude>
    <ClInclude Include="RenderableObjects\StaticMesh.h">
      <Filter>RenderableObjects</Filter>
    </ClInclude>
    <ClInclude Include="RenderableObjects\StaticMeshManager.h">
      <Filter>RenderableObjects</Filter>
    </ClInclude>
    <ClInclude Include="RenderableObjects\RenderableObjectsManager.h">
      <Filter>RenderableObjects</Filter>
    </ClInclude>
    <ClInclude Include="RenderableObjects\RenderableObject.h">
      <Filter>RenderableObjects</Filter>
    </ClInclude>
    <ClInclude Include="RenderableObjects\InstanceMesh.h">
      <Filter>RenderableObjects</Filter>
    </ClInclude>
    <ClInclude Include="Animation\AnimatedCoreModel.h">
      <Filter>Animation</Filter>
    </ClInclude>
    <ClInclude Include="Animation\AnimatedInstanceModel.h">
      <Filter>Animation</Filter>
    </ClInclude>
    <ClInclude Include="Animation\AnimatedModelManager.h">
      <Filter>Animation</Filter>
    </ClInclude>
  </ItemGroup>
  <ItemGroup>
    <ClCompile Include="RenderManager.cpp" />
    <ClCompile Include="Cameras\Camera.cpp">
      <Filter>Cameras</Filter>
    </ClCompile>
    <ClCompile Include="Cameras\Frustum.cpp">
      <Filter>Cameras</Filter>
    </ClCompile>
    <ClCompile Include="Object3D.cpp" />
    <ClCompile Include="Fonts\FontManager.cpp">
      <Filter>Fonts</Filter>
    </ClCompile>
    <ClCompile Include="Cameras\FPSCamera.cpp">
      <Filter>Cameras\Types</Filter>
    </ClCompile>
    <ClCompile Include="Cameras\ThPSCamera.cpp">
      <Filter>Cameras\Types</Filter>
    </ClCompile>
    <ClCompile Include="InfoRender\LogRender.cpp">
      <Filter>InfoRender</Filter>
    </ClCompile>
    <ClCompile Include="InfoRender\DebugRender.cpp">
      <Filter>InfoRender</Filter>
    </ClCompile>
    <ClCompile Include="Textures\Texture.cpp">
      <Filter>Textures</Filter>
    </ClCompile>
    <ClCompile Include="Textures\TextureManager.cpp">
      <Filter>Textures</Filter>
    </ClCompile>
    <ClCompile Include="RenderableObjects\StaticMesh.cpp">
      <Filter>RenderableObjects</Filter>
    </ClCompile>
    <ClCompile Include="RenderableObjects\StaticMeshManager.cpp">
      <Filter>RenderableObjects</Filter>
    </ClCompile>
    <ClCompile Include="RenderableObjects\RenderableObjectsManager.cpp">
      <Filter>RenderableObjects</Filter>
    </ClCompile>
    <ClCompile Include="RenderableObjects\RenderableObject.cpp">
      <Filter>RenderableObjects</Filter>
    </ClCompile>
    <ClCompile Include="RenderableObjects\InstanceMesh.cpp">
      <Filter>RenderableObjects</Filter>
    </ClCompile>
    <ClCompile Include="Animation\AnimatedCoreModel.cpp">
      <Filter>Animation</Filter>
    </ClCompile>
    <ClCompile Include="Animation\AnimatedInstanceModel.cpp">
      <Filter>Animation</Filter>
    </ClCompile>
    <ClCompile Include="Animation\AnimatedModelManager.cpp">
      <Filter>Animation</Filter>
    </ClCompile>
  </ItemGroup>
  <ItemGroup>
    <Filter Include="Cameras">
      <UniqueIdentifier>{d60faf9e-3848-4f3a-b161-4ae75b7e1bc7}</UniqueIdentifier>
    </Filter>
    <Filter Include="Cameras\Types">
      <UniqueIdentifier>{a5a87731-ebb6-4614-9e24-aef248149da0}</UniqueIdentifier>
    </Filter>
    <Filter Include="Fonts">
      <UniqueIdentifier>{744246ba-69c5-4306-92cd-dcdb78ce6fcf}</UniqueIdentifier>
    </Filter>
    <Filter Include="InfoRender">
      <UniqueIdentifier>{ab385e7e-69f1-40e5-ab49-f7a6cdfa077d}</UniqueIdentifier>
    </Filter>
    <Filter Include="Textures">
      <UniqueIdentifier>{047fc636-231e-4a75-a5c7-2bca4450060f}</UniqueIdentifier>
    </Filter>
    <Filter Include="Vertexs">
      <UniqueIdentifier>{1ff20183-1817-4d21-a0e9-87584933f86c}</UniqueIdentifier>
    </Filter>
    <Filter Include="RenderableObjects">
      <UniqueIdentifier>{953ac630-bb8e-4c0a-a250-4a496d1c7c90}</UniqueIdentifier>
    </Filter>
    <Filter Include="Animation">
      <UniqueIdentifier>{581215be-73ea-4cd9-8138-add612b68e8c}</UniqueIdentifier>
    </Filter>
  </ItemGroup>
</Project>