<?xml version="1.0" encoding="utf-8"?>
<Project ToolsVersion="4.0" xmlns="http://schemas.microsoft.com/developer/msbuild/2003">
  <ItemGroup>
    <ClCompile Include="Scripting\ScriptManager.cpp">
      <Filter>Scripting</Filter>
    </ClCompile>
    <ClCompile Include="Triggers\TriggersManager.cpp">
      <Filter>Triggers</Filter>
    </ClCompile>
    <ClCompile Include="StatesMachine\BaseGameEntity.cpp">
      <Filter>IA\State Machine</Filter>
    </ClCompile>
    <ClCompile Include="StatesMachine\EntityManager.cpp">
      <Filter>IA\State Machine\Messages</Filter>
    </ClCompile>
    <ClCompile Include="StatesMachine\MessageDispatcher.cpp">
      <Filter>IA\State Machine\Messages</Filter>
    </ClCompile>
    <ClCompile Include="Movement\AStar.cpp">
      <Filter>IA\Movement</Filter>
    </ClCompile>
    <ClCompile Include="Movement\WayPointManager.cpp">
      <Filter>IA\Movement</Filter>
    </ClCompile>
    <ClCompile Include="Movement\WayPoint.cpp">
      <Filter>IA\Movement</Filter>
    </ClCompile>
    <ClCompile Include="Steering Behaviours\Steering.cpp">
      <Filter>IA\Steering Behaviors</Filter>
    </ClCompile>
    <ClCompile Include="Steering Behaviours\SteeringBehaviours.cpp">
      <Filter>IA\Steering Behaviors</Filter>
    </ClCompile>
  </ItemGroup>
  <ItemGroup>
    <ClInclude Include="StatesMachine\State.h">
      <Filter>IA\State Machine</Filter>
    </ClInclude>
    <ClInclude Include="StatesMachine\BaseGameEntity.h">
      <Filter>IA\State Machine</Filter>
    </ClInclude>
    <ClInclude Include="StatesMachine\StateMachineDef.h">
      <Filter>IA\State Machine</Filter>
    </ClInclude>
    <ClInclude Include="StatesMachine\StateMachine.h">
      <Filter>IA\State Machine</Filter>
    </ClInclude>
    <ClInclude Include="Scripting\ScriptingDefs.h">
      <Filter>Scripting</Filter>
    </ClInclude>
    <ClInclude Include="Scripting\ScriptManager.h">
      <Filter>Scripting</Filter>
    </ClInclude>
    <ClInclude Include="Triggers\TriggersManager.h">
      <Filter>Triggers</Filter>
    </ClInclude>
    <ClInclude Include="StatesMachine\EntityManager.h">
      <Filter>IA\State Machine\Messages</Filter>
    </ClInclude>
    <ClInclude Include="StatesMachine\MessageDefs.h">
      <Filter>IA\State Machine\Messages</Filter>
    </ClInclude>
    <ClInclude Include="StatesMachine\MessageDispatcher.h">
      <Filter>IA\State Machine\Messages</Filter>
    </ClInclude>
    <ClInclude Include="StatesMachine\Telegram.h">
      <Filter>IA\State Machine\Messages</Filter>
    </ClInclude>
    <ClInclude Include="Scripting\LuaHelperFunctions.h">
      <Filter>Scripting</Filter>
    </ClInclude>
    <ClInclude Include="Movement\AStar.h">
      <Filter>IA\Movement</Filter>
    </ClInclude>
    <ClInclude Include="Movement\WayPointManager.h">
      <Filter>IA\Movement</Filter>
    </ClInclude>
    <ClInclude Include="Movement\WayPoint.h">
      <Filter>IA\Movement</Filter>
    </ClInclude>
    <ClInclude Include="StatesMachine\ScriptedStateMachine.h">
      <Filter>IA\State Machine</Filter>
    </ClInclude>
    <ClInclude Include="Steering Behaviours\Steering.h">
      <Filter>IA\Steering Behaviors</Filter>
    </ClInclude>
    <ClInclude Include="Steering Behaviours\SteeringBehaviours.h">
      <Filter>IA\Steering Behaviors</Filter>
    </ClInclude>
    <ClInclude Include="Steering Behaviours\SteeringBehavioursDefs.h">
      <Filter>IA\Steering Behaviors</Filter>
    </ClInclude>
  </ItemGroup>
  <ItemGroup>
    <Filter Include="Scripting">
      <UniqueIdentifier>{3ea15ea6-97bc-461c-81e3-8d165efde6ee}</UniqueIdentifier>
    </Filter>
    <Filter Include="Triggers">
      <UniqueIdentifier>{55a1591e-df13-4dab-88e9-ed5c0a1b6445}</UniqueIdentifier>
    </Filter>
    <Filter Include="IA">
      <UniqueIdentifier>{d24f6851-26db-4e89-983b-587f448e8fe1}</UniqueIdentifier>
    </Filter>
    <Filter Include="IA\Tree Behaviour">
      <UniqueIdentifier>{fa170410-21dc-4a9b-beab-3fefab570c5c}</UniqueIdentifier>
    </Filter>
    <Filter Include="IA\State Machine">
      <UniqueIdentifier>{dd636526-444e-4e63-80c8-2ab6984dbd0b}</UniqueIdentifier>
    </Filter>
    <Filter Include="IA\Steering Behaviors">
      <UniqueIdentifier>{b9303a42-7b6c-4df1-8f52-f074fc681a46}</UniqueIdentifier>
    </Filter>
    <Filter Include="IA\State Machine\Messages">
      <UniqueIdentifier>{e289ece9-4f7d-4da9-b0a9-69bc6d1b9524}</UniqueIdentifier>
    </Filter>
    <Filter Include="IA\Fuzzy Machine">
      <UniqueIdentifier>{b53e8718-090a-4ca6-a9a5-eca6931ed451}</UniqueIdentifier>
    </Filter>
    <Filter Include="IA\Movement">
      <UniqueIdentifier>{b0c4d1db-576f-45e4-9bf9-284b1989c842}</UniqueIdentifier>
    </Filter>
    <Filter Include="Movement">
      <UniqueIdentifier>{c75e9867-e0ea-46c7-a2b6-f7c7374245dc}</UniqueIdentifier>
    </Filter>
  </ItemGroup>
</Project>