<?xml version="1.0" encoding="utf-8"?>
<Project ToolsVersion="4.0" xmlns="http://schemas.microsoft.com/developer/msbuild/2003">
  <ItemGroup>
    <Filter Include="Cameras">
      <UniqueIdentifier>{45b4afae-7799-4667-862d-0ae495dc9aa8}</UniqueIdentifier>
    </Filter>
    <Filter Include="Characters">
      <UniqueIdentifier>{f4cb18b0-c5b4-4465-8afe-34c36486a913}</UniqueIdentifier>
    </Filter>
  </ItemGroup>
  <ItemGroup>
    <ClCompile Include="videogame.cpp" />
    <ClCompile Include="GUIProcess.cpp" />
    <ClCompile Include="Cameras\StaticCamera.cpp">
      <Filter>Cameras</Filter>
    </ClCompile>
    <ClCompile Include="GameProcess.cpp" />
    <ClCompile Include="Characters\Character.cpp">
      <Filter>Characters</Filter>
    </ClCompile>
    <ClCompile Include="Characters\CharacterManager.cpp">
      <Filter>Characters</Filter>
    </ClCompile>
  </ItemGroup>
  <ItemGroup>
    <ClInclude Include="GUIProcess.h" />
    <ClInclude Include="VideogameDefs.h" />
    <ClInclude Include="Cameras\StaticCamera.h">
      <Filter>Cameras</Filter>
    </ClInclude>
    <ClInclude Include="GameProcess.h" />
    <ClInclude Include="Characters\Character.h">
      <Filter>Characters</Filter>
    </ClInclude>
    <ClInclude Include="Characters\CharacterManager.h">
      <Filter>Characters</Filter>
    </ClInclude>
  </ItemGroup>
</Project>