<?xml version="1.0" encoding="utf-8"?>
<Project ToolsVersion="4.0" xmlns="http://schemas.microsoft.com/developer/msbuild/2003">
  <ItemGroup>
    <ClCompile Include="Modifiers\Modifier.cpp">
      <Filter>Debug_GUI\Modifiers</Filter>
    </ClCompile>
    <ClCompile Include="Modifiers\ModifierManager.cpp">
      <Filter>Debug_GUI\Modifiers</Filter>
    </ClCompile>
    <ClCompile Include="Console\Console.cpp">
      <Filter>Debug_GUI\Console</Filter>
    </ClCompile>
    <ClCompile Include="DebugOptions\DebugOptions.cpp">
      <Filter>Debug_GUI\DebugOptions</Filter>
    </ClCompile>
    <ClCompile Include="DebugGUIManager.cpp">
      <Filter>Debug_GUI</Filter>
    </ClCompile>
    <ClCompile Include="DebugInfo\DebugRender.cpp">
      <Filter>Debug_GUI\DebugInfo</Filter>
    </ClCompile>
    <ClCompile Include="LogRender\LogRender.cpp">
      <Filter>Debug_GUI\LogRender</Filter>
    </ClCompile>
    <ClCompile Include="GuiElement.cpp" />
    <ClCompile Include="GUIManager.cpp" />
    <ClCompile Include="GUIWindow.cpp" />
    <ClCompile Include="Controls\GUIAnimatedImage.cpp">
      <Filter>Controls</Filter>
    </ClCompile>
    <ClCompile Include="Controls\GUIButton.cpp">
      <Filter>Controls</Filter>
    </ClCompile>
    <ClCompile Include="Controls\GUICheckButton.cpp">
      <Filter>Controls</Filter>
    </ClCompile>
    <ClCompile Include="Controls\GUIDialogBox.cpp">
      <Filter>Controls</Filter>
    </ClCompile>
    <ClCompile Include="Controls\GUIEditableTextBox.cpp">
      <Filter>Controls</Filter>
    </ClCompile>
    <ClCompile Include="Controls\GUIImage.cpp">
      <Filter>Controls</Filter>
    </ClCompile>
    <ClCompile Include="Controls\GUIPointerMouse.cpp">
      <Filter>Controls</Filter>
    </ClCompile>
    <ClCompile Include="Controls\GUIProgressBar.cpp">
      <Filter>Controls</Filter>
    </ClCompile>
    <ClCompile Include="Controls\GUIRadioBox.cpp">
      <Filter>Controls</Filter>
    </ClCompile>
    <ClCompile Include="Controls\GUISlider.cpp">
      <Filter>Controls</Filter>
    </ClCompile>
    <ClCompile Include="Controls\GUIStaticText.cpp">
      <Filter>Controls</Filter>
    </ClCompile>
    <ClCompile Include="Controls\GUITextBox.cpp">
      <Filter>Controls</Filter>
    </ClCompile>
  </ItemGroup>
  <ItemGroup>
    <Filter Include="Debug_GUI">
      <UniqueIdentifier>{d7675253-624a-442c-bbe5-6a988c9749dd}</UniqueIdentifier>
    </Filter>
    <Filter Include="Debug_GUI\Modifiers">
      <UniqueIdentifier>{e84a561f-4ee7-4a53-be50-f68ac4e898e4}</UniqueIdentifier>
    </Filter>
    <Filter Include="Debug_GUI\Console">
      <UniqueIdentifier>{e0f7eb7a-e908-4d9f-a514-5ff1dadc6048}</UniqueIdentifier>
    </Filter>
    <Filter Include="Debug_GUI\DebugOptions">
      <UniqueIdentifier>{a329f71d-d344-4df6-9605-08029ef750ce}</UniqueIdentifier>
    </Filter>
    <Filter Include="Debug_GUI\DebugInfo">
      <UniqueIdentifier>{5a518685-143f-4e50-84ab-029fcf913b23}</UniqueIdentifier>
    </Filter>
    <Filter Include="Debug_GUI\LogRender">
      <UniqueIdentifier>{a501fbe8-a483-44b7-8170-86072cd7b089}</UniqueIdentifier>
    </Filter>
    <Filter Include="Controls">
      <UniqueIdentifier>{790f9ac2-06f9-4792-85b4-b078084a1270}</UniqueIdentifier>
    </Filter>
  </ItemGroup>
  <ItemGroup>
    <ClInclude Include="Modifiers\Modifier.h">
      <Filter>Debug_GUI\Modifiers</Filter>
    </ClInclude>
    <ClInclude Include="Modifiers\ModifierManager.h">
      <Filter>Debug_GUI\Modifiers</Filter>
    </ClInclude>
    <ClInclude Include="Console\Console.h">
      <Filter>Debug_GUI\Console</Filter>
    </ClInclude>
    <ClInclude Include="DebugOptions\DebugOptions.h">
      <Filter>Debug_GUI\DebugOptions</Filter>
    </ClInclude>
    <ClInclude Include="DebugOptions\DebugOptionsDefs.h">
      <Filter>Debug_GUI\DebugOptions</Filter>
    </ClInclude>
    <ClInclude Include="DebugGUIManager.h">
      <Filter>Debug_GUI</Filter>
    </ClInclude>
    <ClInclude Include="DebugInfo\DebugRender.h">
      <Filter>Debug_GUI\DebugInfo</Filter>
    </ClInclude>
    <ClInclude Include="LogRender\LogRender.h">
      <Filter>Debug_GUI\LogRender</Filter>
    </ClInclude>
    <ClInclude Include="GuiElement.h" />
    <ClInclude Include="GUIManager.h" />
    <ClInclude Include="GUIWindow.h" />
    <ClInclude Include="Controls\GUIAnimatedImage.h">
      <Filter>Controls</Filter>
    </ClInclude>
    <ClInclude Include="Controls\GUIButton.h">
      <Filter>Controls</Filter>
    </ClInclude>
    <ClInclude Include="Controls\GUICheckButton.h">
      <Filter>Controls</Filter>
    </ClInclude>
    <ClInclude Include="Controls\GUIDialogBox.h">
      <Filter>Controls</Filter>
    </ClInclude>
    <ClInclude Include="Controls\GUIEditableTextBox.h">
      <Filter>Controls</Filter>
    </ClInclude>
    <ClInclude Include="Controls\GUIImage.h">
      <Filter>Controls</Filter>
    </ClInclude>
    <ClInclude Include="Controls\GUIPointerMouse.h">
      <Filter>Controls</Filter>
    </ClInclude>
    <ClInclude Include="Controls\GUIProgressBar.h">
      <Filter>Controls</Filter>
    </ClInclude>
    <ClInclude Include="Controls\GUIRadioBox.h">
      <Filter>Controls</Filter>
    </ClInclude>
    <ClInclude Include="Controls\GUISlider.h">
      <Filter>Controls</Filter>
    </ClInclude>
    <ClInclude Include="Controls\GUIStaticText.h">
      <Filter>Controls</Filter>
    </ClInclude>
    <ClInclude Include="Controls\GUITextBox.h">
      <Filter>Controls</Filter>
    </ClInclude>
  </ItemGroup>
</Project>