<?xml version="1.0" encoding="utf-8"?>
<Project ToolsVersion="4.0" xmlns="http://schemas.microsoft.com/developer/msbuild/2003">
  <ItemGroup>
    <Filter Include="Cameras">
      <UniqueIdentifier>{45b4afae-7799-4667-862d-0ae495dc9aa8}</UniqueIdentifier>
    </Filter>
    <Filter Include="Characters">
      <UniqueIdentifier>{f4cb18b0-c5b4-4465-8afe-34c36486a913}</UniqueIdentifier>
    </Filter>
    <Filter Include="Characters\Properties">
      <UniqueIdentifier>{f573c5b7-ae52-4aa6-afc1-1db8984ff61e}</UniqueIdentifier>
    </Filter>
    <Filter Include="Characters\States">
      <UniqueIdentifier>{fbc3703c-6cf7-4ed9-9650-42161e73b469}</UniqueIdentifier>
    </Filter>
    <Filter Include="Items">
      <UniqueIdentifier>{ee65b3fb-6c4b-41de-91c6-e29f38705103}</UniqueIdentifier>
    </Filter>
    <Filter Include="Effects">
      <UniqueIdentifier>{24b2c19d-4c33-403b-8c6a-1c93d13afb2d}</UniqueIdentifier>
    </Filter>
    <Filter Include="XML">
      <UniqueIdentifier>{de1c2d7c-722f-49fb-ba12-d92ba3500985}</UniqueIdentifier>
    </Filter>
    <Filter Include="Scripts">
      <UniqueIdentifier>{09f4749e-0689-4f73-b04e-7464cac75b71}</UniqueIdentifier>
    </Filter>
    <Filter Include="Scripts\Game">
      <UniqueIdentifier>{7f1878ca-7b8c-40b3-92e8-ade1e65a3502}</UniqueIdentifier>
    </Filter>
    <Filter Include="Scripts\Game\Player">
      <UniqueIdentifier>{b3367d42-669c-4d13-b2c7-d2d326723a20}</UniqueIdentifier>
    </Filter>
    <Filter Include="Scripts\Game\Enemies">
      <UniqueIdentifier>{eb81de91-906c-43e7-8020-740c08d58aed}</UniqueIdentifier>
    </Filter>
    <Filter Include="Scripts\Game\Enemies\rabbit_states">
      <UniqueIdentifier>{4c3c9f03-e489-4368-b57a-20274ab43cc0}</UniqueIdentifier>
    </Filter>
    <Filter Include="Scripts\Game\Enemies\wolf_states">
      <UniqueIdentifier>{1bdf18bd-07f5-4909-b902-110e9275e92f}</UniqueIdentifier>
    </Filter>
  </ItemGroup>
  <ItemGroup>
    <ClCompile Include="videogame.cpp" />
    <ClCompile Include="GUIProcess.cpp" />
    <ClCompile Include="Cameras\StaticCamera.cpp">
      <Filter>Cameras</Filter>
    </ClCompile>
    <ClCompile Include="GameProcess.cpp" />
    <ClCompile Include="Characters\Character.cpp">
      <Filter>Characters</Filter>
    </ClCompile>
    <ClCompile Include="Characters\CharacterManager.cpp">
      <Filter>Characters</Filter>
    </ClCompile>
    <ClCompile Include="Cameras\FreeCamera.cpp">
      <Filter>Cameras</Filter>
    </ClCompile>
    <ClCompile Include="Characters\Properties\Properties.cpp">
      <Filter>Characters\Properties</Filter>
    </ClCompile>
    <ClCompile Include="Characters\Properties\PropertiesManager.cpp">
      <Filter>Characters\Properties</Filter>
    </ClCompile>
    <ClCompile Include="Characters\States\AnimationsStates.cpp">
      <Filter>Characters\States</Filter>
    </ClCompile>
    <ClCompile Include="Characters\States\AnimationsStatesManager.cpp">
      <Filter>Characters\States</Filter>
    </ClCompile>
    <ClCompile Include="RegisterToLua.cpp" />
    <ClCompile Include="Items\ItemManager.cpp">
      <Filter>Items</Filter>
    </ClCompile>
    <ClCompile Include="Items\Item.cpp">
      <Filter>Items</Filter>
    </ClCompile>
  </ItemGroup>
  <ItemGroup>
    <ClInclude Include="GUIProcess.h" />
    <ClInclude Include="VideogameDefs.h" />
    <ClInclude Include="Cameras\StaticCamera.h">
      <Filter>Cameras</Filter>
    </ClInclude>
    <ClInclude Include="GameProcess.h" />
    <ClInclude Include="Characters\Character.h">
      <Filter>Characters</Filter>
    </ClInclude>
    <ClInclude Include="Characters\CharacterManager.h">
      <Filter>Characters</Filter>
    </ClInclude>
    <ClInclude Include="Cameras\FreeCamera.h">
      <Filter>Cameras</Filter>
    </ClInclude>
    <ClInclude Include="Characters\CharacterWrapper.h">
      <Filter>Characters</Filter>
    </ClInclude>
    <ClInclude Include="Characters\Properties\Properties.h">
      <Filter>Characters\Properties</Filter>
    </ClInclude>
    <ClInclude Include="Characters\Properties\PropertiesManager.h">
      <Filter>Characters\Properties</Filter>
    </ClInclude>
    <ClInclude Include="Characters\States\AnimationsStates.h">
      <Filter>Characters\States</Filter>
    </ClInclude>
    <ClInclude Include="Characters\States\AnimationsStatesManager.h">
      <Filter>Characters\States</Filter>
    </ClInclude>
    <ClInclude Include="RegisterToLua.h" />
    <ClInclude Include="Characters\States\State_Wrapper.h">
      <Filter>Characters\States</Filter>
    </ClInclude>
    <ClInclude Include="Items\ItemManager.h">
      <Filter>Items</Filter>
    </ClInclude>
    <ClInclude Include="Items\Item.h">
      <Filter>Items</Filter>
    </ClInclude>
    <ClInclude Include="Items\ItemWrapper.h">
      <Filter>Items</Filter>
    </ClInclude>
  </ItemGroup>
  <ItemGroup>
    <None Include="..\..\Run\Videogame\Data\XML\characters_properties.xml">
      <Filter>XML</Filter>
    </None>
    <None Include="..\..\Run\Videogame\Data\XML\debug_options.xml">
      <Filter>XML</Filter>
    </None>
    <None Include="..\..\Run\Videogame\Data\XML\effects.xml">
      <Filter>XML</Filter>
    </None>
    <None Include="..\..\Run\Videogame\Data\XML\engine.xml">
      <Filter>XML</Filter>
    </None>
    <None Include="..\..\Run\Videogame\Data\XML\fonts.xml">
      <Filter>XML</Filter>
    </None>
    <None Include="..\..\Run\Videogame\Data\XML\gui.xml">
      <Filter>XML</Filter>
    </None>
    <None Include="..\..\Run\Videogame\Data\XML\input.xml">
      <Filter>XML</Filter>
    </None>
    <None Include="..\..\Run\Videogame\Data\XML\lights.xml">
      <Filter>XML</Filter>
    </None>
    <None Include="..\..\Run\Videogame\Data\XML\modifiers.xml">
      <Filter>XML</Filter>
    </None>
    <None Include="..\..\Run\Videogame\Data\XML\ParticleEmitters.xml">
      <Filter>XML</Filter>
    </None>
    <None Include="..\..\Run\Videogame\Data\XML\ParticleSettings.xml">
      <Filter>XML</Filter>
    </None>
    <None Include="..\..\Run\Videogame\Data\XML\ParticleSystems.xml">
      <Filter>XML</Filter>
    </None>
    <None Include="..\..\Run\Videogame\Data\XML\renderable_object_techniques.xml">
      <Filter>XML</Filter>
    </None>
    <None Include="..\..\Run\Videogame\Data\XML\renderable_objects.xml">
      <Filter>XML</Filter>
    </None>
    <None Include="..\..\Run\Videogame\Data\XML\scene_renderer_commands.xml">
      <Filter>XML</Filter>
    </None>
    <None Include="..\..\Run\Videogame\Data\XML\scene_renderer_gui_commands.xml">
      <Filter>XML</Filter>
    </None>
    <None Include="..\..\Run\Videogame\Data\XML\script_gameplay.xml">
      <Filter>XML</Filter>
    </None>
    <None Include="..\..\Run\Videogame\Data\XML\scripts.xml">
      <Filter>XML</Filter>
    </None>
    <None Include="..\..\Run\Videogame\Data\XML\sounds.xml">
      <Filter>XML</Filter>
    </None>
    <None Include="..\..\Run\Videogame\Data\XML\static_meshes.xml">
      <Filter>XML</Filter>
    </None>
    <None Include="..\..\Run\Videogame\Data\XML\triggers.xml">
      <Filter>XML</Filter>
    </None>
    <None Include="..\..\Run\Videogame\Data\XML\waypoints.xml">
      <Filter>XML</Filter>
    </None>
    <None Include="..\..\Run\Videogame\Data\XML\animated_models.xml">
      <Filter>XML</Filter>
    </None>
    <None Include="..\..\Run\Videogame\Data\XML\billboard_animations.xml">
      <Filter>XML</Filter>
    </None>
    <None Include="..\..\Run\Videogame\Data\XML\characters_animated_states.xml">
      <Filter>XML</Filter>
    </None>
    <None Include="..\..\Run\Videogame\Data\XML\animal_movement.xml">
      <Filter>XML</Filter>
    </None>
    <None Include="..\..\Run\Videogame\Data\Scripts\process.lua">
      <Filter>Scripts</Filter>
    </None>
    <None Include="..\..\Run\Videogame\Data\Scripts\reloads.lua">
      <Filter>Scripts</Filter>
    </None>
    <None Include="..\..\Run\Videogame\Data\Scripts\stadistics.lua">
      <Filter>Scripts</Filter>
    </None>
    <None Include="..\..\Run\Videogame\Data\Scripts\utils.lua">
      <Filter>Scripts</Filter>
    </None>
    <None Include="..\..\Run\Videogame\Data\Scripts\console.lua">
      <Filter>Scripts</Filter>
    </None>
    <None Include="..\..\Run\Videogame\Data\Scripts\debug_params.lua">
      <Filter>Scripts</Filter>
    </None>
    <None Include="..\..\Run\Videogame\Data\Scripts\init.lua">
      <Filter>Scripts</Filter>
    </None>
    <None Include="..\..\Run\Videogame\Data\Scripts\Game\init_game.lua">
      <Filter>Scripts\Game</Filter>
    </None>
    <None Include="..\..\Run\Videogame\Data\Scripts\Game\Triggers.lua">
      <Filter>Scripts\Game</Filter>
    </None>
    <None Include="..\..\Run\Videogame\Data\Scripts\Game\helpers.lua">
      <Filter>Scripts\Game</Filter>
    </None>
    <None Include="..\..\Run\Videogame\Data\Scripts\Game\Player\player_animation_jump_state.lua">
      <Filter>Scripts\Game\Player</Filter>
    </None>
    <None Include="..\..\Run\Videogame\Data\Scripts\Game\Player\player_animation_run_state.lua">
      <Filter>Scripts\Game\Player</Filter>
    </None>
    <None Include="..\..\Run\Videogame\Data\Scripts\Game\Player\player_attack_state.lua">
      <Filter>Scripts\Game\Player</Filter>
    </None>
    <None Include="..\..\Run\Videogame\Data\Scripts\Game\Player\player_attack2_state.lua">
      <Filter>Scripts\Game\Player</Filter>
    </None>
    <None Include="..\..\Run\Videogame\Data\Scripts\Game\Player\player_attack3_state.lua">
      <Filter>Scripts\Game\Player</Filter>
    </None>
    <None Include="..\..\Run\Videogame\Data\Scripts\Game\Player\player_defense_state.lua">
      <Filter>Scripts\Game\Player</Filter>
    </None>
    <None Include="..\..\Run\Videogame\Data\Scripts\Game\Player\player_hit_state.lua">
      <Filter>Scripts\Game\Player</Filter>
    </None>
    <None Include="..\..\Run\Videogame\Data\Scripts\Game\Player\player_idle_state.lua">
      <Filter>Scripts\Game\Player</Filter>
    </None>
    <None Include="..\..\Run\Videogame\Data\Scripts\Game\Player\player_jump_state.lua">
      <Filter>Scripts\Game\Player</Filter>
    </None>
    <None Include="..\..\Run\Videogame\Data\Scripts\Game\Player\player_run_state.lua">
      <Filter>Scripts\Game\Player</Filter>
    </None>
    <None Include="..\..\Run\Videogame\Data\Scripts\Game\Player\player_target_attack_state.lua">
      <Filter>Scripts\Game\Player</Filter>
    </None>
    <None Include="..\..\Run\Videogame\Data\Scripts\Game\Player\player_target_attack2_state.lua">
      <Filter>Scripts\Game\Player</Filter>
    </None>
    <None Include="..\..\Run\Videogame\Data\Scripts\Game\Player\player_target_attack3_state.lua">
      <Filter>Scripts\Game\Player</Filter>
    </None>
    <None Include="..\..\Run\Videogame\Data\Scripts\Game\Player\player_target_run_state.lua">
      <Filter>Scripts\Game\Player</Filter>
    </None>
    <None Include="..\..\Run\Videogame\Data\Scripts\Game\Player\player.lua">
      <Filter>Scripts\Game\Player</Filter>
    </None>
    <None Include="..\..\Run\Videogame\Data\Scripts\Game\Player\player_animation_attack_state.lua">
      <Filter>Scripts\Game\Player</Filter>
    </None>
    <None Include="..\..\Run\Videogame\Data\Scripts\Game\Player\player_animation_attack2_state.lua">
      <Filter>Scripts\Game\Player</Filter>
    </None>
    <None Include="..\..\Run\Videogame\Data\Scripts\Game\Player\player_animation_attack3_state.lua">
      <Filter>Scripts\Game\Player</Filter>
    </None>
    <None Include="..\..\Run\Videogame\Data\Scripts\Game\Player\player_animation_defense_state.lua">
      <Filter>Scripts\Game\Player</Filter>
    </None>
    <None Include="..\..\Run\Videogame\Data\Scripts\Game\Player\player_animation_hit_state.lua">
      <Filter>Scripts\Game\Player</Filter>
    </None>
    <None Include="..\..\Run\Videogame\Data\Scripts\Game\Player\player_animation_idle_state.lua">
      <Filter>Scripts\Game\Player</Filter>
    </None>
    <None Include="..\..\Run\Videogame\Data\Scripts\Game\Enemies\Rabbit.lua">
      <Filter>Scripts\Game\Enemies</Filter>
    </None>
    <None Include="..\..\Run\Videogame\Data\Scripts\Game\Enemies\Wolf.lua">
      <Filter>Scripts\Game\Enemies</Filter>
    </None>
    <None Include="..\..\Run\Videogame\Data\Scripts\Game\Enemies\wolf_states\wolf_animated_run_attack_state.lua">
      <Filter>Scripts\Game\Enemies\wolf_states</Filter>
    </None>
    <None Include="..\..\Run\Videogame\Data\Scripts\Game\Enemies\wolf_states\wolf_animated_run_state.lua">
      <Filter>Scripts\Game\Enemies\wolf_states</Filter>
    </None>
    <None Include="..\..\Run\Videogame\Data\Scripts\Game\Enemies\wolf_states\wolf_animated_still_attack_state.lua">
      <Filter>Scripts\Game\Enemies\wolf_states</Filter>
    </None>
    <None Include="..\..\Run\Videogame\Data\Scripts\Game\Enemies\wolf_states\wolf_animated_walk_state.lua">
      <Filter>Scripts\Game\Enemies\wolf_states</Filter>
    </None>
    <None Include="..\..\Run\Videogame\Data\Scripts\Game\Enemies\wolf_states\wolf_attack_state.lua">
      <Filter>Scripts\Game\Enemies\wolf_states</Filter>
    </None>
    <None Include="..\..\Run\Videogame\Data\Scripts\Game\Enemies\wolf_states\wolf_deffense_state.lua">
      <Filter>Scripts\Game\Enemies\wolf_states</Filter>
    </None>
    <None Include="..\..\Run\Videogame\Data\Scripts\Game\Enemies\wolf_states\wolf_evade_state.lua">
      <Filter>Scripts\Game\Enemies\wolf_states</Filter>
    </None>
    <None Include="..\..\Run\Videogame\Data\Scripts\Game\Enemies\wolf_states\wolf_flee_state.lua">
      <Filter>Scripts\Game\Enemies\wolf_states</Filter>
    </None>
    <None Include="..\..\Run\Videogame\Data\Scripts\Game\Enemies\wolf_states\wolf_hit_state.lua">
      <Filter>Scripts\Game\Enemies\wolf_states</Filter>
    </None>
    <None Include="..\..\Run\Videogame\Data\Scripts\Game\Enemies\wolf_states\wolf_idle_state.lua">
      <Filter>Scripts\Game\Enemies\wolf_states</Filter>
    </None>
    <None Include="..\..\Run\Videogame\Data\Scripts\Game\Enemies\wolf_states\wolf_path_follow_state.lua">
      <Filter>Scripts\Game\Enemies\wolf_states</Filter>
    </None>
    <None Include="..\..\Run\Videogame\Data\Scripts\Game\Enemies\wolf_states\wolf_pursuit_state.lua">
      <Filter>Scripts\Game\Enemies\wolf_states</Filter>
    </None>
    <None Include="..\..\Run\Videogame\Data\Scripts\Game\Enemies\wolf_states\wolf_run_attack_state.lua">
      <Filter>Scripts\Game\Enemies\wolf_states</Filter>
    </None>
    <None Include="..\..\Run\Videogame\Data\Scripts\Game\Enemies\wolf_states\wolf_run_state.lua">
      <Filter>Scripts\Game\Enemies\wolf_states</Filter>
    </None>
    <None Include="..\..\Run\Videogame\Data\Scripts\Game\Enemies\wolf_states\wolf_seek_state.lua">
      <Filter>Scripts\Game\Enemies\wolf_states</Filter>
    </None>
    <None Include="..\..\Run\Videogame\Data\Scripts\Game\Enemies\wolf_states\wolf_still_attack_state.lua">
      <Filter>Scripts\Game\Enemies\wolf_states</Filter>
    </None>
    <None Include="..\..\Run\Videogame\Data\Scripts\Game\Enemies\wolf_states\wolf_walk_state.lua">
      <Filter>Scripts\Game\Enemies\wolf_states</Filter>
    </None>
    <None Include="..\..\Run\Videogame\Data\Scripts\Game\Enemies\wolf_states\wolf_wander_state.lua">
      <Filter>Scripts\Game\Enemies\wolf_states</Filter>
    </None>
    <None Include="..\..\Run\Videogame\Data\Scripts\Game\Enemies\wolf_states\wolf_animated_attack_state.lua">
      <Filter>Scripts\Game\Enemies\wolf_states</Filter>
    </None>
    <None Include="..\..\Run\Videogame\Data\Scripts\Game\Enemies\wolf_states\wolf_animated_deffense_state.lua">
      <Filter>Scripts\Game\Enemies\wolf_states</Filter>
    </None>
    <None Include="..\..\Run\Videogame\Data\Scripts\Game\Enemies\wolf_states\wolf_animated_hit_state.lua">
      <Filter>Scripts\Game\Enemies\wolf_states</Filter>
    </None>
    <None Include="..\..\Run\Videogame\Data\Scripts\Game\Enemies\wolf_states\wolf_animated_idle_state.lua">
      <Filter>Scripts\Game\Enemies\wolf_states</Filter>
    </None>
    <None Include="..\..\Run\Videogame\Data\Scripts\Game\Enemies\wolf_states\wolf_animated_pursuit_state.lua">
      <Filter>Scripts\Game\Enemies\wolf_states</Filter>
    </None>
    <None Include="..\..\Run\Videogame\Data\Scripts\Game\Enemies\rabbit_states\rabbit_pursuit_state.lua">
      <Filter>Scripts\Game\Enemies\rabbit_states</Filter>
    </None>
    <None Include="..\..\Run\Videogame\Data\Scripts\Game\Enemies\rabbit_states\rabbit_attack_state.lua">
      <Filter>Scripts\Game\Enemies\rabbit_states</Filter>
    </None>
    <None Include="..\..\Run\Videogame\Data\Scripts\Game\Enemies\rabbit_states\rabbit_flee_state.lua">
      <Filter>Scripts\Game\Enemies\rabbit_states</Filter>
    </None>
    <None Include="..\..\Run\Videogame\Data\Scripts\Game\Enemies\rabbit_states\rabbit_hit_state.lua">
      <Filter>Scripts\Game\Enemies\rabbit_states</Filter>
    </None>
    <None Include="..\..\Run\Videogame\Data\Scripts\Game\Enemies\rabbit_states\rabbit_idle_state.lua">
      <Filter>Scripts\Game\Enemies\rabbit_states</Filter>
    </None>
    <None Include="..\..\Run\Videogame\Data\Effects\functions.fx">
      <Filter>Effects</Filter>
    </None>
    <None Include="..\..\Run\Videogame\Data\Effects\Samplers.h">
      <Filter>Effects</Filter>
    </None>
  </ItemGroup>
  <ItemGroup>
    <CustomBuild Include="..\..\Run\Videogame\Data\Effects\VignettingNoise.fx">
      <Filter>Effects</Filter>
    </CustomBuild>
    <CustomBuild Include="..\..\Run\Videogame\Data\Effects\Vignetting.fx">
      <Filter>Effects</Filter>
    </CustomBuild>
    <CustomBuild Include="..\..\Run\Videogame\Data\Effects\UABEffect.fx">
      <Filter>Effects</Filter>
    </CustomBuild>
    <CustomBuild Include="..\..\Run\Videogame\Data\Effects\SSAOComposition.fx">
      <Filter>Effects</Filter>
    </CustomBuild>
    <CustomBuild Include="..\..\Run\Videogame\Data\Effects\SSAO.fx">
      <Filter>Effects</Filter>
    </CustomBuild>
    <CustomBuild Include="..\..\Run\Videogame\Data\Effects\SSAA.fx">
      <Filter>Effects</Filter>
    </CustomBuild>
    <CustomBuild Include="..\..\Run\Videogame\Data\Effects\SkySphereEffect.fx">
      <Filter>Effects</Filter>
    </CustomBuild>
    <CustomBuild Include="..\..\Run\Videogame\Data\Effects\ParticleEffect.fx">
      <Filter>Effects</Filter>
    </CustomBuild>
    <CustomBuild Include="..\..\Run\Videogame\Data\Effects\normalmap.fx">
      <Filter>Effects</Filter>
    </CustomBuild>
    <CustomBuild Include="..\..\Run\Videogame\Data\Effects\Noise.fx">
      <Filter>Effects</Filter>
    </CustomBuild>
    <CustomBuild Include="..\..\Run\Videogame\Data\Effects\Lights.fx">
      <Filter>Effects</Filter>
    </CustomBuild>
    <CustomBuild Include="..\..\Run\Videogame\Data\Effects\lightmap.fx">
      <Filter>Effects</Filter>
    </CustomBuild>
    <CustomBuild Include="..\..\Run\Videogame\Data\Effects\fxaa.fx">
      <Filter>Effects</Filter>
    </CustomBuild>
    <CustomBuild Include="..\..\Run\Videogame\Data\Effects\ForwardLightingWithNormal.fx">
      <Filter>Effects</Filter>
    </CustomBuild>
    <CustomBuild Include="..\..\Run\Videogame\Data\Effects\ForwardLightingBasic.fx">
      <Filter>Effects</Filter>
    </CustomBuild>
    <CustomBuild Include="..\..\Run\Videogame\Data\Effects\diffuseeffect.fx">
      <Filter>Effects</Filter>
    </CustomBuild>
    <CustomBuild Include="..\..\Run\Videogame\Data\Effects\DeferredSpotLight.fx">
      <Filter>Effects</Filter>
    </CustomBuild>
    <CustomBuild Include="..\..\Run\Videogame\Data\Effects\DeferredModelDrawWithNormalParallax.fx">
      <Filter>Effects</Filter>
    </CustomBuild>
    <CustomBuild Include="..\..\Run\Videogame\Data\Effects\DeferredModelDrawWithNormal.fx">
      <Filter>Effects</Filter>
    </CustomBuild>
    <CustomBuild Include="..\..\Run\Videogame\Data\Effects\DeferredModelDrawRNM.fx">
      <Filter>Effects</Filter>
    </CustomBuild>
    <CustomBuild Include="..\..\Run\Videogame\Data\Effects\ColorGrading.fx">
      <Filter>Effects</Filter>
    </CustomBuild>
    <CustomBuild Include="..\..\Run\Videogame\Data\Effects\ClearGBuffer.fx">
      <Filter>Effects</Filter>
    </CustomBuild>
    <CustomBuild Include="..\..\Run\Videogame\Data\Effects\Cal3DEffect.fx">
      <Filter>Effects</Filter>
    </CustomBuild>
    <CustomBuild Include="..\..\Run\Videogame\Data\Effects\BloomPostProcess.fx">
      <Filter>Effects</Filter>
    </CustomBuild>
    <CustomBuild Include="..\..\Run\Videogame\Data\Effects\BasicQuadEffect.fx">
      <Filter>Effects</Filter>
    </CustomBuild>
    <CustomBuild Include="..\..\Run\Videogame\Data\Effects\BasicDeferredModelDraw.fx">
      <Filter>Effects</Filter>
    </CustomBuild>
    <CustomBuild Include="..\..\Run\Videogame\Data\Effects\BasicDeferredLightingCombine.fx">
      <Filter>Effects</Filter>
    </CustomBuild>
    <CustomBuild Include="..\..\Run\Videogame\Data\Effects\BasicDeferredLightingAndShadow.fx">
      <Filter>Effects</Filter>
    </CustomBuild>
    <CustomBuild Include="..\..\Run\Videogame\Data\Effects\BasicDeferredLighting.fx">
      <Filter>Effects</Filter>
    </CustomBuild>
    <CustomBuild Include="..\..\Run\Videogame\Data\Effects\BasicBuildShadowMap.fx">
      <Filter>Effects</Filter>
    </CustomBuild>
    <CustomBuild Include="..\..\Run\Videogame\Data\Effects\AmbientLight.fx">
      <Filter>Effects</Filter>
    </CustomBuild>
    <CustomBuild Include="..\..\Run\Videogame\Data\Effects\ZBlur.fx">
      <Filter>Effects</Filter>
    </CustomBuild>
  </ItemGroup>
</Project>