<?xml version="1.0" encoding="utf-8"?>
<Project ToolsVersion="4.0" xmlns="http://schemas.microsoft.com/developer/msbuild/2003">
  <ItemGroup>
    <Filter Include="Cameras">
      <UniqueIdentifier>{45b4afae-7799-4667-862d-0ae495dc9aa8}</UniqueIdentifier>
    </Filter>
    <Filter Include="Characters">
      <UniqueIdentifier>{f4cb18b0-c5b4-4465-8afe-34c36486a913}</UniqueIdentifier>
    </Filter>
    <Filter Include="Characters\Properties">
      <UniqueIdentifier>{f573c5b7-ae52-4aa6-afc1-1db8984ff61e}</UniqueIdentifier>
    </Filter>
    <Filter Include="Characters\States">
      <UniqueIdentifier>{fbc3703c-6cf7-4ed9-9650-42161e73b469}</UniqueIdentifier>
    </Filter>
    <Filter Include="Effects">
      <UniqueIdentifier>{24b2c19d-4c33-403b-8c6a-1c93d13afb2d}</UniqueIdentifier>
    </Filter>
    <Filter Include="XML">
      <UniqueIdentifier>{de1c2d7c-722f-49fb-ba12-d92ba3500985}</UniqueIdentifier>
    </Filter>
    <Filter Include="Scripts">
      <UniqueIdentifier>{09f4749e-0689-4f73-b04e-7464cac75b71}</UniqueIdentifier>
    </Filter>
    <Filter Include="Scripts\Game">
      <UniqueIdentifier>{7f1878ca-7b8c-40b3-92e8-ade1e65a3502}</UniqueIdentifier>
    </Filter>
    <Filter Include="Scripts\Game\Player">
      <UniqueIdentifier>{b3367d42-669c-4d13-b2c7-d2d326723a20}</UniqueIdentifier>
    </Filter>
    <Filter Include="Scripts\Game\Enemies">
      <UniqueIdentifier>{eb81de91-906c-43e7-8020-740c08d58aed}</UniqueIdentifier>
    </Filter>
    <Filter Include="Scripts\Game\Enemies\rabbit_states">
      <UniqueIdentifier>{4c3c9f03-e489-4368-b57a-20274ab43cc0}</UniqueIdentifier>
    </Filter>
    <Filter Include="Scripts\Game\Enemies\wolf_states">
      <UniqueIdentifier>{1bdf18bd-07f5-4909-b902-110e9275e92f}</UniqueIdentifier>
    </Filter>
    <Filter Include="_ScriptAPI">
      <UniqueIdentifier>{2fc07d59-4726-43c9-acbb-7468fc4e861a}</UniqueIdentifier>
    </Filter>
    <Filter Include="_ScriptAPI\Wrappers">
      <UniqueIdentifier>{10942d6b-30dc-49d4-97b9-0a6d8d271f3e}</UniqueIdentifier>
    </Filter>
    <Filter Include="Weapons">
      <UniqueIdentifier>{f381ded8-e503-4b56-a2db-21b9626604a4}</UniqueIdentifier>
    </Filter>
    <Filter Include="Weapons\Types">
      <UniqueIdentifier>{b2194e4f-013a-4db3-81fc-741af9e52835}</UniqueIdentifier>
    </Filter>
    <Filter Include="Scripts\Game\Triggers">
      <UniqueIdentifier>{f5159f2e-9926-4939-83e6-edeac1ad6790}</UniqueIdentifier>
    </Filter>
    <Filter Include="Callbacks">
      <UniqueIdentifier>{4a7f930b-71a9-437e-9fae-2641af4b8fda}</UniqueIdentifier>
    </Filter>
    <Filter Include="Callbacks\Animation">
      <UniqueIdentifier>{ea54ebb9-28ef-4c2b-bb2f-944a850916d4}</UniqueIdentifier>
    </Filter>
    <Filter Include="Characters\Enemies">
      <UniqueIdentifier>{1995cea3-6cf2-4ae9-85c8-fb77708d971c}</UniqueIdentifier>
    </Filter>
    <Filter Include="Characters\Enemies\Rabbit">
      <UniqueIdentifier>{6ce43790-124e-422a-aba7-85e83618661a}</UniqueIdentifier>
    </Filter>
    <Filter Include="Callbacks\State">
      <UniqueIdentifier>{723ae2e2-c63e-4504-b262-0cab013f945e}</UniqueIdentifier>
    </Filter>
    <Filter Include="Characters\Player">
      <UniqueIdentifier>{9fbabd3d-c787-4934-a15e-01ce69bd5837}</UniqueIdentifier>
    </Filter>
    <Filter Include="Characters\Player\LogicStates">
      <UniqueIdentifier>{6fd0fb42-0b63-419e-bdcf-77da21964de4}</UniqueIdentifier>
    </Filter>
    <Filter Include="Characters\Player\AnimationStates">
      <UniqueIdentifier>{b9f0610d-863c-4b4b-8fb0-e1116ddb40d0}</UniqueIdentifier>
    </Filter>
    <Filter Include="Helpers">
      <UniqueIdentifier>{73e0e951-2a9e-4715-8394-ff90c9fe16c6}</UniqueIdentifier>
    </Filter>
    <Filter Include="Characters\Enemies\Wolf">
      <UniqueIdentifier>{ffad27ad-bd02-46d9-ae6c-18d696744d87}</UniqueIdentifier>
    </Filter>
    <Filter Include="Characters\Enemies\Wolf\AnimationStates">
      <UniqueIdentifier>{858c1085-61b0-4d1c-bfa0-704a6b02ce2a}</UniqueIdentifier>
    </Filter>
    <Filter Include="Characters\Enemies\Wolf\LogicStates">
      <UniqueIdentifier>{283e7469-c247-4a34-a298-fe129e0ca3ec}</UniqueIdentifier>
    </Filter>
    <Filter Include="Characters\Enemies\Deer">
      <UniqueIdentifier>{c875898d-8234-4fb9-b4be-f9930a47b63d}</UniqueIdentifier>
    </Filter>
    <Filter Include="Characters\Enemies\Deer\AnimationStates">
      <UniqueIdentifier>{e931c3bb-7f60-41bf-9c27-0571de59e67a}</UniqueIdentifier>
    </Filter>
    <Filter Include="Characters\Enemies\Deer\LogicStates">
      <UniqueIdentifier>{bd33453e-5dce-4929-9bb6-60a21a2e35ab}</UniqueIdentifier>
    </Filter>
    <Filter Include="Characters\Enemies\Rabbit\LogicStates">
      <UniqueIdentifier>{72f8e65c-1ade-423c-83d0-992d6df69cf9}</UniqueIdentifier>
    </Filter>
    <Filter Include="Characters\Enemies\Rabbit\AnimationStates">
      <UniqueIdentifier>{35b48af0-c9bf-43c0-802f-d206e153620d}</UniqueIdentifier>
    </Filter>
    <Filter Include="Options">
      <UniqueIdentifier>{386eee43-7359-4180-9d39-492754fee410}</UniqueIdentifier>
    </Filter>
    <Filter Include="HUD">
      <UniqueIdentifier>{8c384158-7627-48f9-8cdc-0b5e7524cf60}</UniqueIdentifier>
    </Filter>
  </ItemGroup>
  <ItemGroup>
    <ClCompile Include="videogame.cpp" />
    <ClCompile Include="GUIProcess.cpp" />
    <ClCompile Include="Cameras\StaticCamera.cpp">
      <Filter>Cameras</Filter>
    </ClCompile>
    <ClCompile Include="GameProcess.cpp" />
    <ClCompile Include="Characters\Character.cpp">
      <Filter>Characters</Filter>
    </ClCompile>
    <ClCompile Include="Characters\CharacterManager.cpp">
      <Filter>Characters</Filter>
    </ClCompile>
    <ClCompile Include="Cameras\FreeCamera.cpp">
      <Filter>Cameras</Filter>
    </ClCompile>
    <ClCompile Include="Characters\Properties\Properties.cpp">
      <Filter>Characters\Properties</Filter>
    </ClCompile>
    <ClCompile Include="Characters\Properties\PropertiesManager.cpp">
      <Filter>Characters\Properties</Filter>
    </ClCompile>
    <ClCompile Include="Characters\States\AnimationsStates.cpp">
      <Filter>Characters\States</Filter>
    </ClCompile>
    <ClCompile Include="Characters\States\AnimationsStatesManager.cpp">
      <Filter>Characters\States</Filter>
    </ClCompile>
    <ClCompile Include="Cameras\ThPSCharacterCamera.cpp">
      <Filter>Cameras</Filter>
    </ClCompile>
    <ClCompile Include="_ScriptAPI\VideogameRegisterScript.cpp">
      <Filter>_ScriptAPI</Filter>
    </ClCompile>
    <ClCompile Include="Weapons\WeaponManager.cpp">
      <Filter>Weapons</Filter>
    </ClCompile>
    <ClCompile Include="Weapons\Weapon.cpp">
      <Filter>Weapons</Filter>
    </ClCompile>
    <ClCompile Include="Weapons\Types\MeleeWeapon.cpp">
      <Filter>Weapons\Types</Filter>
    </ClCompile>
    <ClCompile Include="Callbacks\Animation\AnimationCallback.cpp">
      <Filter>Callbacks\Animation</Filter>
    </ClCompile>
    <ClCompile Include="Callbacks\Animation\AnimationCallbackManager.cpp">
      <Filter>Callbacks\Animation</Filter>
    </ClCompile>
    <ClCompile Include="Characters\Enemies\Rabbit\Rabbit.cpp">
      <Filter>Characters\Enemies\Rabbit</Filter>
    </ClCompile>
    <ClCompile Include="Callbacks\State\ActionStateCallback.cpp">
      <Filter>Callbacks\State</Filter>
    </ClCompile>
    <ClCompile Include="Characters\Player\Player.cpp">
      <Filter>Characters\Player</Filter>
    </ClCompile>
    <ClCompile Include="Characters\Player\AnimationStates\PlayerAnimationAttack2State.cpp">
      <Filter>Characters\Player\AnimationStates</Filter>
    </ClCompile>
    <ClCompile Include="Characters\Player\AnimationStates\PlayerAnimationAttack3State.cpp">
      <Filter>Characters\Player\AnimationStates</Filter>
    </ClCompile>
    <ClCompile Include="Characters\Player\AnimationStates\PlayerAnimationAttackState.cpp">
      <Filter>Characters\Player\AnimationStates</Filter>
    </ClCompile>
    <ClCompile Include="Characters\Player\AnimationStates\PlayerAnimationDefenseState.cpp">
      <Filter>Characters\Player\AnimationStates</Filter>
    </ClCompile>
    <ClCompile Include="Characters\Player\AnimationStates\PlayerAnimationHitState.cpp">
      <Filter>Characters\Player\AnimationStates</Filter>
    </ClCompile>
    <ClCompile Include="Characters\Player\AnimationStates\PlayerAnimationIdleState.cpp">
      <Filter>Characters\Player\AnimationStates</Filter>
    </ClCompile>
    <ClCompile Include="Characters\Player\AnimationStates\PlayerAnimationJumpState.cpp">
      <Filter>Characters\Player\AnimationStates</Filter>
    </ClCompile>
    <ClCompile Include="Characters\Player\AnimationStates\PlayerAnimationRunState.cpp">
      <Filter>Characters\Player\AnimationStates</Filter>
    </ClCompile>
    <ClCompile Include="Characters\Player\LogicStates\PlayerAttack2State.cpp">
      <Filter>Characters\Player\LogicStates</Filter>
    </ClCompile>
    <ClCompile Include="Characters\Player\LogicStates\PlayerAttack3State.cpp">
      <Filter>Characters\Player\LogicStates</Filter>
    </ClCompile>
    <ClCompile Include="Characters\Player\LogicStates\PlayerAttackState.cpp">
      <Filter>Characters\Player\LogicStates</Filter>
    </ClCompile>
    <ClCompile Include="Characters\Player\LogicStates\PlayerDefenseState.cpp">
      <Filter>Characters\Player\LogicStates</Filter>
    </ClCompile>
    <ClCompile Include="Characters\Player\LogicStates\PlayerHitState.cpp">
      <Filter>Characters\Player\LogicStates</Filter>
    </ClCompile>
    <ClCompile Include="Characters\Player\LogicStates\PlayerIdleState.cpp">
      <Filter>Characters\Player\LogicStates</Filter>
    </ClCompile>
    <ClCompile Include="Characters\Player\LogicStates\PlayerJumpState.cpp">
      <Filter>Characters\Player\LogicStates</Filter>
    </ClCompile>
    <ClCompile Include="Characters\Player\LogicStates\PlayerRunState.cpp">
      <Filter>Characters\Player\LogicStates</Filter>
    </ClCompile>
    <ClCompile Include="Characters\Player\LogicStates\PlayerTargetAttack2State.cpp">
      <Filter>Characters\Player\LogicStates</Filter>
    </ClCompile>
    <ClCompile Include="Characters\Player\LogicStates\PlayerTargetAttack3State.cpp">
      <Filter>Characters\Player\LogicStates</Filter>
    </ClCompile>
    <ClCompile Include="Characters\Player\LogicStates\PlayerTargetAttackState.cpp">
      <Filter>Characters\Player\LogicStates</Filter>
    </ClCompile>
    <ClCompile Include="Characters\Player\LogicStates\PlayerTargetRunState.cpp">
      <Filter>Characters\Player\LogicStates</Filter>
    </ClCompile>
    <ClCompile Include="Helpers\MathHelper.cpp">
      <Filter>Helpers</Filter>
    </ClCompile>
    <ClCompile Include="Characters\Enemies\Wolf\AnimationStates\WolfDeathAnimationState.cpp">
      <Filter>Characters\Enemies\Wolf\AnimationStates</Filter>
    </ClCompile>
    <ClCompile Include="Characters\Enemies\Wolf\AnimationStates\WolfDefenseAnimationState.cpp">
      <Filter>Characters\Enemies\Wolf\AnimationStates</Filter>
    </ClCompile>
    <ClCompile Include="Characters\Enemies\Wolf\AnimationStates\WolfHitAnimationState.cpp">
      <Filter>Characters\Enemies\Wolf\AnimationStates</Filter>
    </ClCompile>
    <ClCompile Include="Characters\Enemies\Wolf\AnimationStates\WolfJumpAnimationState.cpp">
      <Filter>Characters\Enemies\Wolf\AnimationStates</Filter>
    </ClCompile>
    <ClCompile Include="Characters\Enemies\Wolf\AnimationStates\WolfStillAttackAnimationState.cpp">
      <Filter>Characters\Enemies\Wolf\AnimationStates</Filter>
    </ClCompile>
    <ClCompile Include="Characters\Enemies\Wolf\AnimationStates\WolfWalkAnimationState.cpp">
      <Filter>Characters\Enemies\Wolf\AnimationStates</Filter>
    </ClCompile>
    <ClCompile Include="Characters\Enemies\Wolf\LogicStates\WolfAttackState.cpp">
      <Filter>Characters\Enemies\Wolf\LogicStates</Filter>
    </ClCompile>
    <ClCompile Include="Characters\Enemies\Wolf\LogicStates\WolfDefenseState.cpp">
      <Filter>Characters\Enemies\Wolf\LogicStates</Filter>
    </ClCompile>
    <ClCompile Include="Characters\Enemies\Wolf\LogicStates\WolfHitState.cpp">
      <Filter>Characters\Enemies\Wolf\LogicStates</Filter>
    </ClCompile>
    <ClCompile Include="Characters\Enemies\Wolf\LogicStates\WolfIdleState.cpp">
      <Filter>Characters\Enemies\Wolf\LogicStates</Filter>
    </ClCompile>
    <ClCompile Include="Characters\Enemies\Wolf\LogicStates\WolfPreparedToAttackState.cpp">
      <Filter>Characters\Enemies\Wolf\LogicStates</Filter>
    </ClCompile>
    <ClCompile Include="Characters\Enemies\Wolf\LogicStates\WolfPursuitState.cpp">
      <Filter>Characters\Enemies\Wolf\LogicStates</Filter>
    </ClCompile>
    <ClCompile Include="Characters\Enemies\Wolf\LogicStates\WolfRunAttackState.cpp">
      <Filter>Characters\Enemies\Wolf\LogicStates</Filter>
    </ClCompile>
    <ClCompile Include="Characters\Enemies\Wolf\LogicStates\WolfStillAttackState.cpp">
      <Filter>Characters\Enemies\Wolf\LogicStates</Filter>
    </ClCompile>
    <ClCompile Include="Characters\Enemies\Wolf\LogicStates\WolfTiredState.cpp">
      <Filter>Characters\Enemies\Wolf\LogicStates</Filter>
    </ClCompile>
    <ClCompile Include="Characters\Enemies\Wolf\Wolf.cpp">
      <Filter>Characters\Enemies\Wolf</Filter>
    </ClCompile>
    <ClCompile Include="Characters\Enemies\Deer\Deer.cpp">
      <Filter>Characters\Enemies\Deer</Filter>
    </ClCompile>
    <ClCompile Include="Characters\Enemies\Deer\LogicStates\DeerAttackState.cpp">
      <Filter>Characters\Enemies\Deer\LogicStates</Filter>
    </ClCompile>
    <ClCompile Include="Characters\Enemies\Deer\LogicStates\DeerDefenseState.cpp">
      <Filter>Characters\Enemies\Deer\LogicStates</Filter>
    </ClCompile>
    <ClCompile Include="Characters\Enemies\Deer\LogicStates\DeerHitState.cpp">
      <Filter>Characters\Enemies\Deer\LogicStates</Filter>
    </ClCompile>
    <ClCompile Include="Characters\Enemies\Deer\LogicStates\DeerPreparedToAttackState.cpp">
      <Filter>Characters\Enemies\Deer\LogicStates</Filter>
    </ClCompile>
    <ClCompile Include="Characters\Enemies\Deer\LogicStates\DeerPursuitState.cpp">
      <Filter>Characters\Enemies\Deer\LogicStates</Filter>
    </ClCompile>
    <ClCompile Include="Characters\Enemies\Deer\LogicStates\DeerRunAttackState.cpp">
      <Filter>Characters\Enemies\Deer\LogicStates</Filter>
    </ClCompile>
    <ClCompile Include="Characters\Enemies\Deer\LogicStates\DeerStillAttackState.cpp">
      <Filter>Characters\Enemies\Deer\LogicStates</Filter>
    </ClCompile>
    <ClCompile Include="Characters\Enemies\Deer\LogicStates\DeerTiredState.cpp">
      <Filter>Characters\Enemies\Deer\LogicStates</Filter>
    </ClCompile>
    <ClCompile Include="Characters\Enemies\Deer\AnimationStates\DeerDeathAnimationState.cpp">
      <Filter>Characters\Enemies\Deer\AnimationStates</Filter>
    </ClCompile>
    <ClCompile Include="Characters\Enemies\Deer\AnimationStates\DeerDefenseAnimationState.cpp">
      <Filter>Characters\Enemies\Deer\AnimationStates</Filter>
    </ClCompile>
    <ClCompile Include="Characters\Enemies\Deer\AnimationStates\DeerHitAnimationState.cpp">
      <Filter>Characters\Enemies\Deer\AnimationStates</Filter>
    </ClCompile>
    <ClCompile Include="Characters\Enemies\Deer\AnimationStates\DeerIdleAnimationState.cpp">
      <Filter>Characters\Enemies\Deer\AnimationStates</Filter>
    </ClCompile>
    <ClCompile Include="Characters\Enemies\Deer\AnimationStates\DeerRunAnimationState.cpp">
      <Filter>Characters\Enemies\Deer\AnimationStates</Filter>
    </ClCompile>
    <ClCompile Include="Characters\Enemies\Deer\AnimationStates\DeerRunAttackAnimationState.cpp">
      <Filter>Characters\Enemies\Deer\AnimationStates</Filter>
    </ClCompile>
    <ClCompile Include="Characters\Enemies\Deer\AnimationStates\DeerStillAttackAnimationState.cpp">
      <Filter>Characters\Enemies\Deer\AnimationStates</Filter>
    </ClCompile>
    <ClCompile Include="Characters\Enemies\Deer\AnimationStates\DeerWalkAnimationState.cpp">
      <Filter>Characters\Enemies\Deer\AnimationStates</Filter>
    </ClCompile>
    <ClCompile Include="Characters\Enemies\Deer\LogicStates\DeerIdleState.cpp">
      <Filter>Characters\Enemies\Deer\LogicStates</Filter>
    </ClCompile>
    <ClCompile Include="Characters\Enemies\Wolf\LogicStates\WolfDeathState.cpp">
      <Filter>Characters\Enemies\Wolf\LogicStates</Filter>
    </ClCompile>
    <ClCompile Include="Characters\Enemies\Wolf\AnimationStates\WolfIdleAnimationState.cpp">
      <Filter>Characters\Enemies\Wolf\AnimationStates</Filter>
    </ClCompile>
    <ClCompile Include="Characters\Enemies\Deer\LogicStates\DeerDeathState.cpp">
      <Filter>Characters\Enemies\Deer\LogicStates</Filter>
    </ClCompile>
    <ClCompile Include="Characters\Enemies\Rabbit\LogicStates\RabbitAttackState.cpp">
      <Filter>Characters\Enemies\Rabbit\LogicStates</Filter>
    </ClCompile>
    <ClCompile Include="Characters\Enemies\Rabbit\LogicStates\RabbitDeathState.cpp">
      <Filter>Characters\Enemies\Rabbit\LogicStates</Filter>
    </ClCompile>
    <ClCompile Include="Characters\Enemies\Rabbit\LogicStates\RabbitDefenseState.cpp">
      <Filter>Characters\Enemies\Rabbit\LogicStates</Filter>
    </ClCompile>
    <ClCompile Include="Characters\Enemies\Rabbit\LogicStates\RabbitHitState.cpp">
      <Filter>Characters\Enemies\Rabbit\LogicStates</Filter>
    </ClCompile>
    <ClCompile Include="Characters\Enemies\Rabbit\LogicStates\RabbitIdleState.cpp">
      <Filter>Characters\Enemies\Rabbit\LogicStates</Filter>
    </ClCompile>
    <ClCompile Include="Characters\Enemies\Rabbit\LogicStates\RabbitPreparedToAttackState.cpp">
      <Filter>Characters\Enemies\Rabbit\LogicStates</Filter>
    </ClCompile>
    <ClCompile Include="Characters\Enemies\Rabbit\LogicStates\RabbitPursuitState.cpp">
      <Filter>Characters\Enemies\Rabbit\LogicStates</Filter>
    </ClCompile>
    <ClCompile Include="Characters\Enemies\Rabbit\LogicStates\RabbitRunAttackState.cpp">
      <Filter>Characters\Enemies\Rabbit\LogicStates</Filter>
    </ClCompile>
    <ClCompile Include="Characters\Enemies\Rabbit\LogicStates\RabbitStillAttackState.cpp">
      <Filter>Characters\Enemies\Rabbit\LogicStates</Filter>
    </ClCompile>
    <ClCompile Include="Characters\Enemies\Rabbit\LogicStates\RabbitTiredState.cpp">
      <Filter>Characters\Enemies\Rabbit\LogicStates</Filter>
    </ClCompile>
    <ClCompile Include="Characters\Enemies\Rabbit\AnimationStates\RabbitDeathAnimationState.cpp">
      <Filter>Characters\Enemies\Rabbit\AnimationStates</Filter>
    </ClCompile>
    <ClCompile Include="Characters\Enemies\Rabbit\AnimationStates\RabbitDefenseAnimationState.cpp">
      <Filter>Characters\Enemies\Rabbit\AnimationStates</Filter>
    </ClCompile>
    <ClCompile Include="Characters\Enemies\Rabbit\AnimationStates\RabbitHitAnimationState.cpp">
      <Filter>Characters\Enemies\Rabbit\AnimationStates</Filter>
    </ClCompile>
    <ClCompile Include="Characters\Enemies\Rabbit\AnimationStates\RabbitIdle2AnimationState.cpp">
      <Filter>Characters\Enemies\Rabbit\AnimationStates</Filter>
    </ClCompile>
    <ClCompile Include="Characters\Enemies\Rabbit\AnimationStates\RabbitIdleAnimationState.cpp">
      <Filter>Characters\Enemies\Rabbit\AnimationStates</Filter>
    </ClCompile>
    <ClCompile Include="Characters\Enemies\Rabbit\AnimationStates\RabbitJumpAnimationState.cpp">
      <Filter>Characters\Enemies\Rabbit\AnimationStates</Filter>
    </ClCompile>
    <ClCompile Include="Characters\Enemies\Rabbit\AnimationStates\RabbitLeftLateralAnimationState.cpp">
      <Filter>Characters\Enemies\Rabbit\AnimationStates</Filter>
    </ClCompile>
    <ClCompile Include="Characters\Enemies\Rabbit\AnimationStates\RabbitRightLateralAnimationState.cpp">
      <Filter>Characters\Enemies\Rabbit\AnimationStates</Filter>
    </ClCompile>
    <ClCompile Include="Characters\Enemies\Rabbit\AnimationStates\RabbitRunAnimationState.cpp">
      <Filter>Characters\Enemies\Rabbit\AnimationStates</Filter>
    </ClCompile>
    <ClCompile Include="Characters\Enemies\Rabbit\AnimationStates\RabbitRunAttackAnimationState.cpp">
      <Filter>Characters\Enemies\Rabbit\AnimationStates</Filter>
    </ClCompile>
    <ClCompile Include="Characters\Enemies\Rabbit\AnimationStates\RabbitStillAttackAnimationState.cpp">
      <Filter>Characters\Enemies\Rabbit\AnimationStates</Filter>
    </ClCompile>
    <ClCompile Include="Characters\Enemies\Rabbit\AnimationStates\RabbitWalkAnimationState.cpp">
      <Filter>Characters\Enemies\Rabbit\AnimationStates</Filter>
    </ClCompile>
    <ClCompile Include="Options\Options.cpp">
      <Filter>Options</Filter>
    </ClCompile>
    <ClCompile Include="HUD\HUD.cpp">
      <Filter>HUD</Filter>
    </ClCompile>
    <ClCompile Include="Characters\Enemies\Wolf\AnimationStates\WolfStillAttackComboAnimationState.cpp">
      <Filter>Characters\Enemies\Wolf\AnimationStates</Filter>
    </ClCompile>
    <ClCompile Include="Characters\Player\AnimationStates\PlayerAnimationAttack4State.cpp">
      <Filter>Characters\Player\AnimationStates</Filter>
    </ClCompile>
    <ClCompile Include="Characters\Player\AnimationStates\PlayerAnimationAttack5State.cpp">
      <Filter>Characters\Player\AnimationStates</Filter>
    </ClCompile>
    <ClCompile Include="Characters\Player\AnimationStates\PlayerAnimationAttack6State.cpp">
      <Filter>Characters\Player\AnimationStates</Filter>
    </ClCompile>
    <ClCompile Include="Characters\Player\LogicStates\PlayerAttack4State.cpp">
      <Filter>Characters\Player\LogicStates</Filter>
    </ClCompile>
    <ClCompile Include="Characters\Player\LogicStates\PlayerAttack5State.cpp">
      <Filter>Characters\Player\LogicStates</Filter>
    </ClCompile>
    <ClCompile Include="Characters\Player\LogicStates\PlayerAttack6State.cpp">
      <Filter>Characters\Player\LogicStates</Filter>
    </ClCompile>
    <ClCompile Include="Characters\Enemies\Wolf\LogicStates\WolfHowlLifeState.cpp">
      <Filter>Characters\Enemies\Wolf\LogicStates</Filter>
    </ClCompile>
    <ClCompile Include="Characters\Enemies\Wolf\LogicStates\WolfHowlEnemiesState.cpp">
      <Filter>Characters\Enemies\Wolf\LogicStates</Filter>
    </ClCompile>
    <ClCompile Include="Characters\Enemies\Wolf\AnimationStates\WolfHowlEnemiesAnimationState.cpp">
      <Filter>Characters\Enemies\Wolf\AnimationStates</Filter>
    </ClCompile>
    <ClCompile Include="Characters\Enemies\Wolf\AnimationStates\WolfHowlLifeAnimationState.cpp">
      <Filter>Characters\Enemies\Wolf\AnimationStates</Filter>
    </ClCompile>
    <ClCompile Include="Characters\Enemies\Wolf\AnimationStates\WolfRunRunAttackAnimationState.cpp">
      <Filter>Characters\Enemies\Wolf\AnimationStates</Filter>
    </ClCompile>
    <ClCompile Include="Characters\Enemies\Wolf\AnimationStates\WolfPreparedRunAttackAnimationState.cpp">
      <Filter>Characters\Enemies\Wolf\AnimationStates</Filter>
    </ClCompile>
    <ClCompile Include="Characters\Enemies\Wolf\AnimationStates\WolfImpactRunAttackAnimationState.cpp">
      <Filter>Characters\Enemies\Wolf\AnimationStates</Filter>
    </ClCompile>
    <ClCompile Include="Characters\Enemies\Wolf\AnimationStates\WolfRunAnimationState.cpp">
      <Filter>Characters\Enemies\Wolf\AnimationStates</Filter>
    </ClCompile>
  </ItemGroup>
  <ItemGroup>
    <ClInclude Include="GUIProcess.h" />
    <ClInclude Include="VideogameDefs.h" />
    <ClInclude Include="Cameras\StaticCamera.h">
      <Filter>Cameras</Filter>
    </ClInclude>
    <ClInclude Include="GameProcess.h" />
    <ClInclude Include="Characters\Character.h">
      <Filter>Characters</Filter>
    </ClInclude>
    <ClInclude Include="Characters\CharacterManager.h">
      <Filter>Characters</Filter>
    </ClInclude>
    <ClInclude Include="Cameras\FreeCamera.h">
      <Filter>Cameras</Filter>
    </ClInclude>
    <ClInclude Include="Characters\Properties\Properties.h">
      <Filter>Characters\Properties</Filter>
    </ClInclude>
    <ClInclude Include="Characters\Properties\PropertiesManager.h">
      <Filter>Characters\Properties</Filter>
    </ClInclude>
    <ClInclude Include="Characters\States\AnimationsStates.h">
      <Filter>Characters\States</Filter>
    </ClInclude>
    <ClInclude Include="Characters\States\AnimationsStatesManager.h">
      <Filter>Characters\States</Filter>
    </ClInclude>
    <ClInclude Include="Cameras\ThPSCharacterCamera.h">
      <Filter>Cameras</Filter>
    </ClInclude>
    <ClInclude Include="_ScriptAPI\VideogameRegisterScript.h">
      <Filter>_ScriptAPI</Filter>
    </ClInclude>
    <ClInclude Include="_ScriptAPI\Wrappers\CharacterWrapper.h">
      <Filter>_ScriptAPI\Wrappers</Filter>
    </ClInclude>
    <ClInclude Include="_ScriptAPI\Wrappers\StateWrapper.h">
      <Filter>_ScriptAPI\Wrappers</Filter>
    </ClInclude>
    <ClInclude Include="Weapons\WeaponManager.h">
      <Filter>Weapons</Filter>
    </ClInclude>
    <ClInclude Include="Weapons\Weapon.h">
      <Filter>Weapons</Filter>
    </ClInclude>
    <ClInclude Include="Weapons\WeaponDefs.h">
      <Filter>Weapons</Filter>
    </ClInclude>
    <ClInclude Include="Weapons\Types\MeleeWeapon.h">
      <Filter>Weapons\Types</Filter>
    </ClInclude>
    <ClInclude Include="Callbacks\Animation\AnimationCallback.h">
      <Filter>Callbacks\Animation</Filter>
    </ClInclude>
    <ClInclude Include="Callbacks\Animation\AnimationCallbackManager.h">
      <Filter>Callbacks\Animation</Filter>
    </ClInclude>
    <ClInclude Include="Characters\Enemies\Rabbit\Rabbit.h">
      <Filter>Characters\Enemies\Rabbit</Filter>
    </ClInclude>
    <ClInclude Include="Callbacks\State\ActionStateCallback.h">
      <Filter>Callbacks\State</Filter>
    </ClInclude>
    <ClInclude Include="Characters\Player\Player.h">
      <Filter>Characters\Player</Filter>
    </ClInclude>
    <ClInclude Include="Characters\Player\AnimationStates\PlayerAnimationAttack2State.h">
      <Filter>Characters\Player\AnimationStates</Filter>
    </ClInclude>
    <ClInclude Include="Characters\Player\AnimationStates\PlayerAnimationAttack3State.h">
      <Filter>Characters\Player\AnimationStates</Filter>
    </ClInclude>
    <ClInclude Include="Characters\Player\AnimationStates\PlayerAnimationAttackState.h">
      <Filter>Characters\Player\AnimationStates</Filter>
    </ClInclude>
    <ClInclude Include="Characters\Player\AnimationStates\PlayerAnimationDefenseState.h">
      <Filter>Characters\Player\AnimationStates</Filter>
    </ClInclude>
    <ClInclude Include="Characters\Player\AnimationStates\PlayerAnimationHitState.h">
      <Filter>Characters\Player\AnimationStates</Filter>
    </ClInclude>
    <ClInclude Include="Characters\Player\AnimationStates\PlayerAnimationIdleState.h">
      <Filter>Characters\Player\AnimationStates</Filter>
    </ClInclude>
    <ClInclude Include="Characters\Player\AnimationStates\PlayerAnimationJumpState.h">
      <Filter>Characters\Player\AnimationStates</Filter>
    </ClInclude>
    <ClInclude Include="Characters\Player\AnimationStates\PlayerAnimationRunState.h">
      <Filter>Characters\Player\AnimationStates</Filter>
    </ClInclude>
    <ClInclude Include="Characters\Player\LogicStates\PlayerAttack2State.h">
      <Filter>Characters\Player\LogicStates</Filter>
    </ClInclude>
    <ClInclude Include="Characters\Player\LogicStates\PlayerAttack3State.h">
      <Filter>Characters\Player\LogicStates</Filter>
    </ClInclude>
    <ClInclude Include="Characters\Player\LogicStates\PlayerAttackState.h">
      <Filter>Characters\Player\LogicStates</Filter>
    </ClInclude>
    <ClInclude Include="Characters\Player\LogicStates\PlayerDefenseState.h">
      <Filter>Characters\Player\LogicStates</Filter>
    </ClInclude>
    <ClInclude Include="Characters\Player\LogicStates\PlayerHitState.h">
      <Filter>Characters\Player\LogicStates</Filter>
    </ClInclude>
    <ClInclude Include="Characters\Player\LogicStates\PlayerIdleState.h">
      <Filter>Characters\Player\LogicStates</Filter>
    </ClInclude>
    <ClInclude Include="Characters\Player\LogicStates\PlayerJumpState.h">
      <Filter>Characters\Player\LogicStates</Filter>
    </ClInclude>
    <ClInclude Include="Characters\Player\LogicStates\PlayerRunState.h">
      <Filter>Characters\Player\LogicStates</Filter>
    </ClInclude>
    <ClInclude Include="Characters\Player\LogicStates\PlayerTargetAttack2State.h">
      <Filter>Characters\Player\LogicStates</Filter>
    </ClInclude>
    <ClInclude Include="Characters\Player\LogicStates\PlayerTargetAttack3State.h">
      <Filter>Characters\Player\LogicStates</Filter>
    </ClInclude>
    <ClInclude Include="Characters\Player\LogicStates\PlayerTargetAttackState.h">
      <Filter>Characters\Player\LogicStates</Filter>
    </ClInclude>
    <ClInclude Include="Characters\Player\LogicStates\PlayerTargetRunState.h">
      <Filter>Characters\Player\LogicStates</Filter>
    </ClInclude>
    <ClInclude Include="Helpers\MathHelper.h">
      <Filter>Helpers</Filter>
    </ClInclude>
    <ClInclude Include="Characters\Enemies\Wolf\AnimationStates\WolfDeathAnimationState.h">
      <Filter>Characters\Enemies\Wolf\AnimationStates</Filter>
    </ClInclude>
    <ClInclude Include="Characters\Enemies\Wolf\AnimationStates\WolfDefenseAnimationState.h">
      <Filter>Characters\Enemies\Wolf\AnimationStates</Filter>
    </ClInclude>
    <ClInclude Include="Characters\Enemies\Wolf\AnimationStates\WolfHitAnimationState.h">
      <Filter>Characters\Enemies\Wolf\AnimationStates</Filter>
    </ClInclude>
    <ClInclude Include="Characters\Enemies\Wolf\AnimationStates\WolfIdleAnimationState.h">
      <Filter>Characters\Enemies\Wolf\AnimationStates</Filter>
    </ClInclude>
    <ClInclude Include="Characters\Enemies\Wolf\AnimationStates\WolfJumpAnimationState.h">
      <Filter>Characters\Enemies\Wolf\AnimationStates</Filter>
    </ClInclude>
    <ClInclude Include="Characters\Enemies\Wolf\AnimationStates\WolfStillAttackAnimationState.h">
      <Filter>Characters\Enemies\Wolf\AnimationStates</Filter>
    </ClInclude>
    <ClInclude Include="Characters\Enemies\Wolf\AnimationStates\WolfWalkAnimationState.h">
      <Filter>Characters\Enemies\Wolf\AnimationStates</Filter>
    </ClInclude>
    <ClInclude Include="Characters\Enemies\Wolf\LogicStates\WolfAttackState.h">
      <Filter>Characters\Enemies\Wolf\LogicStates</Filter>
    </ClInclude>
    <ClInclude Include="Characters\Enemies\Wolf\LogicStates\WolfDefenseState.h">
      <Filter>Characters\Enemies\Wolf\LogicStates</Filter>
    </ClInclude>
    <ClInclude Include="Characters\Enemies\Wolf\LogicStates\WolfHitState.h">
      <Filter>Characters\Enemies\Wolf\LogicStates</Filter>
    </ClInclude>
    <ClInclude Include="Characters\Enemies\Wolf\LogicStates\WolfIdleState.h">
      <Filter>Characters\Enemies\Wolf\LogicStates</Filter>
    </ClInclude>
    <ClInclude Include="Characters\Enemies\Wolf\LogicStates\WolfPreparedToAttackState.h">
      <Filter>Characters\Enemies\Wolf\LogicStates</Filter>
    </ClInclude>
    <ClInclude Include="Characters\Enemies\Wolf\LogicStates\WolfPursuitState.h">
      <Filter>Characters\Enemies\Wolf\LogicStates</Filter>
    </ClInclude>
    <ClInclude Include="Characters\Enemies\Wolf\LogicStates\WolfRunAttackState.h">
      <Filter>Characters\Enemies\Wolf\LogicStates</Filter>
    </ClInclude>
    <ClInclude Include="Characters\Enemies\Wolf\LogicStates\WolfStillAttackState.h">
      <Filter>Characters\Enemies\Wolf\LogicStates</Filter>
    </ClInclude>
    <ClInclude Include="Characters\Enemies\Wolf\LogicStates\WolfTiredState.h">
      <Filter>Characters\Enemies\Wolf\LogicStates</Filter>
    </ClInclude>
    <ClInclude Include="Characters\Enemies\Wolf\Wolf.h">
      <Filter>Characters\Enemies\Wolf</Filter>
    </ClInclude>
    <ClInclude Include="Characters\Enemies\Deer\Deer.h">
      <Filter>Characters\Enemies\Deer</Filter>
    </ClInclude>
    <ClInclude Include="Characters\Enemies\Deer\LogicStates\DeerAttackState.h">
      <Filter>Characters\Enemies\Deer\LogicStates</Filter>
    </ClInclude>
    <ClInclude Include="Characters\Enemies\Deer\LogicStates\DeerDefenseState.h">
      <Filter>Characters\Enemies\Deer\LogicStates</Filter>
    </ClInclude>
    <ClInclude Include="Characters\Enemies\Deer\LogicStates\DeerHitState.h">
      <Filter>Characters\Enemies\Deer\LogicStates</Filter>
    </ClInclude>
    <ClInclude Include="Characters\Enemies\Deer\LogicStates\DeerPreparedToAttackState.h">
      <Filter>Characters\Enemies\Deer\LogicStates</Filter>
    </ClInclude>
    <ClInclude Include="Characters\Enemies\Deer\LogicStates\DeerPursuitState.h">
      <Filter>Characters\Enemies\Deer\LogicStates</Filter>
    </ClInclude>
    <ClInclude Include="Characters\Enemies\Deer\LogicStates\DeerRunAttackState.h">
      <Filter>Characters\Enemies\Deer\LogicStates</Filter>
    </ClInclude>
    <ClInclude Include="Characters\Enemies\Deer\LogicStates\DeerStillAttackState.h">
      <Filter>Characters\Enemies\Deer\LogicStates</Filter>
    </ClInclude>
    <ClInclude Include="Characters\Enemies\Deer\LogicStates\DeerTiredState.h">
      <Filter>Characters\Enemies\Deer\LogicStates</Filter>
    </ClInclude>
    <ClInclude Include="Characters\Enemies\Deer\AnimationStates\DeerDeathAnimationState.h">
      <Filter>Characters\Enemies\Deer\AnimationStates</Filter>
    </ClInclude>
    <ClInclude Include="Characters\Enemies\Deer\AnimationStates\DeerDefenseAnimationState.h">
      <Filter>Characters\Enemies\Deer\AnimationStates</Filter>
    </ClInclude>
    <ClInclude Include="Characters\Enemies\Deer\AnimationStates\DeerHitAnimationState.h">
      <Filter>Characters\Enemies\Deer\AnimationStates</Filter>
    </ClInclude>
    <ClInclude Include="Characters\Enemies\Deer\AnimationStates\DeerIdleAnimationState.h">
      <Filter>Characters\Enemies\Deer\AnimationStates</Filter>
    </ClInclude>
    <ClInclude Include="Characters\Enemies\Deer\AnimationStates\DeerRunAnimationState.h">
      <Filter>Characters\Enemies\Deer\AnimationStates</Filter>
    </ClInclude>
    <ClInclude Include="Characters\Enemies\Deer\AnimationStates\DeerRunAttackAnimationState.h">
      <Filter>Characters\Enemies\Deer\AnimationStates</Filter>
    </ClInclude>
    <ClInclude Include="Characters\Enemies\Deer\AnimationStates\DeerStillAttackAnimationState.h">
      <Filter>Characters\Enemies\Deer\AnimationStates</Filter>
    </ClInclude>
    <ClInclude Include="Characters\Enemies\Deer\AnimationStates\DeerWalkAnimationState.h">
      <Filter>Characters\Enemies\Deer\AnimationStates</Filter>
    </ClInclude>
    <ClInclude Include="Characters\Enemies\Deer\LogicStates\DeerIdleState.h">
      <Filter>Characters\Enemies\Deer\LogicStates</Filter>
    </ClInclude>
    <ClInclude Include="Characters\Enemies\Wolf\LogicStates\WolfDeathState.h">
      <Filter>Characters\Enemies\Wolf\LogicStates</Filter>
    </ClInclude>
    <ClInclude Include="Characters\StatesDefs.h">
      <Filter>Characters</Filter>
    </ClInclude>
    <ClInclude Include="Characters\Enemies\Deer\LogicStates\DeerDeathState.h">
      <Filter>Characters\Enemies\Deer\LogicStates</Filter>
    </ClInclude>
    <ClInclude Include="Characters\Enemies\Rabbit\LogicStates\RabbitAttackState.h">
      <Filter>Characters\Enemies\Rabbit\LogicStates</Filter>
    </ClInclude>
    <ClInclude Include="Characters\Enemies\Rabbit\LogicStates\RabbitDeathState.h">
      <Filter>Characters\Enemies\Rabbit\LogicStates</Filter>
    </ClInclude>
    <ClInclude Include="Characters\Enemies\Rabbit\LogicStates\RabbitDefenseState.h">
      <Filter>Characters\Enemies\Rabbit\LogicStates</Filter>
    </ClInclude>
    <ClInclude Include="Characters\Enemies\Rabbit\LogicStates\RabbitHitState.h">
      <Filter>Characters\Enemies\Rabbit\LogicStates</Filter>
    </ClInclude>
    <ClInclude Include="Characters\Enemies\Rabbit\LogicStates\RabbitIdleState.h">
      <Filter>Characters\Enemies\Rabbit\LogicStates</Filter>
    </ClInclude>
    <ClInclude Include="Characters\Enemies\Rabbit\LogicStates\RabbitPreparedToAttackState.h">
      <Filter>Characters\Enemies\Rabbit\LogicStates</Filter>
    </ClInclude>
    <ClInclude Include="Characters\Enemies\Rabbit\LogicStates\RabbitPursuitState.h">
      <Filter>Characters\Enemies\Rabbit\LogicStates</Filter>
    </ClInclude>
    <ClInclude Include="Characters\Enemies\Rabbit\LogicStates\RabbitRunAttackState.h">
      <Filter>Characters\Enemies\Rabbit\LogicStates</Filter>
    </ClInclude>
    <ClInclude Include="Characters\Enemies\Rabbit\LogicStates\RabbitStillAttackState.h">
      <Filter>Characters\Enemies\Rabbit\LogicStates</Filter>
    </ClInclude>
    <ClInclude Include="Characters\Enemies\Rabbit\LogicStates\RabbitTiredState.h">
      <Filter>Characters\Enemies\Rabbit\LogicStates</Filter>
    </ClInclude>
    <ClInclude Include="Characters\Enemies\Rabbit\AnimationStates\RabbitDeathAnimationState.h">
      <Filter>Characters\Enemies\Rabbit\AnimationStates</Filter>
    </ClInclude>
    <ClInclude Include="Characters\Enemies\Rabbit\AnimationStates\RabbitDefenseAnimationState.h">
      <Filter>Characters\Enemies\Rabbit\AnimationStates</Filter>
    </ClInclude>
    <ClInclude Include="Characters\Enemies\Rabbit\AnimationStates\RabbitHitAnimationState.h">
      <Filter>Characters\Enemies\Rabbit\AnimationStates</Filter>
    </ClInclude>
    <ClInclude Include="Characters\Enemies\Rabbit\AnimationStates\RabbitIdle2AnimationState.h">
      <Filter>Characters\Enemies\Rabbit\AnimationStates</Filter>
    </ClInclude>
    <ClInclude Include="Characters\Enemies\Rabbit\AnimationStates\RabbitIdleAnimationState.h">
      <Filter>Characters\Enemies\Rabbit\AnimationStates</Filter>
    </ClInclude>
    <ClInclude Include="Characters\Enemies\Rabbit\AnimationStates\RabbitJumpAnimationState.h">
      <Filter>Characters\Enemies\Rabbit\AnimationStates</Filter>
    </ClInclude>
    <ClInclude Include="Characters\Enemies\Rabbit\AnimationStates\RabbitLeftLateralAnimationState.h">
      <Filter>Characters\Enemies\Rabbit\AnimationStates</Filter>
    </ClInclude>
    <ClInclude Include="Characters\Enemies\Rabbit\AnimationStates\RabbitRightLateralAnimationState.h">
      <Filter>Characters\Enemies\Rabbit\AnimationStates</Filter>
    </ClInclude>
    <ClInclude Include="Characters\Enemies\Rabbit\AnimationStates\RabbitRunAnimationState.h">
      <Filter>Characters\Enemies\Rabbit\AnimationStates</Filter>
    </ClInclude>
    <ClInclude Include="Characters\Enemies\Rabbit\AnimationStates\RabbitRunAttackAnimationState.h">
      <Filter>Characters\Enemies\Rabbit\AnimationStates</Filter>
    </ClInclude>
    <ClInclude Include="Characters\Enemies\Rabbit\AnimationStates\RabbitStillAttackAnimationState.h">
      <Filter>Characters\Enemies\Rabbit\AnimationStates</Filter>
    </ClInclude>
    <ClInclude Include="Characters\Enemies\Rabbit\AnimationStates\RabbitWalkAnimationState.h">
      <Filter>Characters\Enemies\Rabbit\AnimationStates</Filter>
    </ClInclude>
    <ClInclude Include="Options\Options.h">
      <Filter>Options</Filter>
    </ClInclude>
    <ClInclude Include="HUD\HUD.h">
      <Filter>HUD</Filter>
    </ClInclude>
    <ClInclude Include="Characters\Enemies\Wolf\AnimationStates\WolfStillAttackComboAnimationState.h">
      <Filter>Characters\Enemies\Wolf\AnimationStates</Filter>
    </ClInclude>
    <ClInclude Include="Characters\Player\AnimationStates\PlayerAnimationAttack6State.h">
      <Filter>Characters\Player\AnimationStates</Filter>
    </ClInclude>
    <ClInclude Include="Characters\Player\AnimationStates\PlayerAnimationAttack4State.h">
      <Filter>Characters\Player\AnimationStates</Filter>
    </ClInclude>
    <ClInclude Include="Characters\Player\AnimationStates\PlayerAnimationAttack5State.h">
      <Filter>Characters\Player\AnimationStates</Filter>
    </ClInclude>
    <ClInclude Include="Characters\Player\LogicStates\PlayerAttack6State.h">
      <Filter>Characters\Player\LogicStates</Filter>
    </ClInclude>
    <ClInclude Include="Characters\Player\LogicStates\PlayerAttack4State.h">
      <Filter>Characters\Player\LogicStates</Filter>
    </ClInclude>
    <ClInclude Include="Characters\Player\LogicStates\PlayerAttack5State.h">
      <Filter>Characters\Player\LogicStates</Filter>
    </ClInclude>
    <ClInclude Include="characters\enemies\wolf\logicstates\WolfHowlLifeState.h">
      <Filter>Characters\Enemies\Wolf\LogicStates</Filter>
    </ClInclude>
    <ClInclude Include="Characters\Enemies\Wolf\LogicStates\WolfHowlEnemiesState.h">
      <Filter>Characters\Enemies\Wolf\LogicStates</Filter>
    </ClInclude>
    <ClInclude Include="Characters\Enemies\Wolf\AnimationStates\WolfHowlEnemiesAnimationState.h">
      <Filter>Characters\Enemies\Wolf\AnimationStates</Filter>
    </ClInclude>
    <ClInclude Include="Characters\Enemies\Wolf\AnimationStates\WolfHowlLifeAnimationState.h">
      <Filter>Characters\Enemies\Wolf\AnimationStates</Filter>
    </ClInclude>
    <ClInclude Include="Characters\Enemies\Wolf\AnimationStates\WolfRunRunAttackAnimationState.h">
      <Filter>Characters\Enemies\Wolf\AnimationStates</Filter>
    </ClInclude>
    <ClInclude Include="Characters\Enemies\Wolf\AnimationStates\WolfPreparedRunAttackAnimationState.h">
      <Filter>Characters\Enemies\Wolf\AnimationStates</Filter>
    </ClInclude>
    <ClInclude Include="Characters\Enemies\Wolf\AnimationStates\WolfImpactRunAttackAnimationState.h">
      <Filter>Characters\Enemies\Wolf\AnimationStates</Filter>
    </ClInclude>
    <ClInclude Include="Characters\Enemies\Wolf\AnimationStates\WolfRunAnimationState.h">
      <Filter>Characters\Enemies\Wolf\AnimationStates</Filter>
    </ClInclude>
  </ItemGroup>
  <ItemGroup>
    <None Include="..\..\Run\Videogame\Data\XML\characters_properties.xml">
      <Filter>XML</Filter>
    </None>
    <None Include="..\..\Run\Videogame\Data\XML\debug_options.xml">
      <Filter>XML</Filter>
    </None>
    <None Include="..\..\Run\Videogame\Data\XML\effects.xml">
      <Filter>XML</Filter>
    </None>
    <None Include="..\..\Run\Videogame\Data\XML\engine.xml">
      <Filter>XML</Filter>
    </None>
    <None Include="..\..\Run\Videogame\Data\XML\fonts.xml">
      <Filter>XML</Filter>
    </None>
    <None Include="..\..\Run\Videogame\Data\XML\gui.xml">
      <Filter>XML</Filter>
    </None>
    <None Include="..\..\Run\Videogame\Data\XML\input.xml">
      <Filter>XML</Filter>
    </None>
    <None Include="..\..\Run\Videogame\Data\XML\lights.xml">
      <Filter>XML</Filter>
    </None>
    <None Include="..\..\Run\Videogame\Data\XML\modifiers.xml">
      <Filter>XML</Filter>
    </None>
    <None Include="..\..\Run\Videogame\Data\XML\ParticleEmitters.xml">
      <Filter>XML</Filter>
    </None>
    <None Include="..\..\Run\Videogame\Data\XML\ParticleSettings.xml">
      <Filter>XML</Filter>
    </None>
    <None Include="..\..\Run\Videogame\Data\XML\ParticleSystems.xml">
      <Filter>XML</Filter>
    </None>
    <None Include="..\..\Run\Videogame\Data\XML\renderable_object_techniques.xml">
      <Filter>XML</Filter>
    </None>
    <None Include="..\..\Run\Videogame\Data\XML\renderable_objects.xml">
      <Filter>XML</Filter>
    </None>
    <None Include="..\..\Run\Videogame\Data\XML\scene_renderer_commands.xml">
      <Filter>XML</Filter>
    </None>
    <None Include="..\..\Run\Videogame\Data\XML\scene_renderer_gui_commands.xml">
      <Filter>XML</Filter>
    </None>
    <None Include="..\..\Run\Videogame\Data\XML\script_gameplay.xml">
      <Filter>XML</Filter>
    </None>
    <None Include="..\..\Run\Videogame\Data\XML\scripts.xml">
      <Filter>XML</Filter>
    </None>
    <None Include="..\..\Run\Videogame\Data\XML\static_meshes.xml">
      <Filter>XML</Filter>
    </None>
    <None Include="..\..\Run\Videogame\Data\XML\triggers.xml">
      <Filter>XML</Filter>
    </None>
    <None Include="..\..\Run\Videogame\Data\XML\waypoints.xml">
      <Filter>XML</Filter>
    </None>
    <None Include="..\..\Run\Videogame\Data\XML\animated_models.xml">
      <Filter>XML</Filter>
    </None>
    <None Include="..\..\Run\Videogame\Data\XML\billboard_animations.xml">
      <Filter>XML</Filter>
    </None>
    <None Include="..\..\Run\Videogame\Data\XML\characters_animated_states.xml">
      <Filter>XML</Filter>
    </None>
    <None Include="..\..\Run\Videogame\Data\XML\animal_movement.xml">
      <Filter>XML</Filter>
    </None>
    <None Include="..\..\Run\Videogame\Data\Scripts\process.lua">
      <Filter>Scripts</Filter>
    </None>
    <None Include="..\..\Run\Videogame\Data\Scripts\reloads.lua">
      <Filter>Scripts</Filter>
    </None>
    <None Include="..\..\Run\Videogame\Data\Scripts\stadistics.lua">
      <Filter>Scripts</Filter>
    </None>
    <None Include="..\..\Run\Videogame\Data\Scripts\utils.lua">
      <Filter>Scripts</Filter>
    </None>
    <None Include="..\..\Run\Videogame\Data\Scripts\console.lua">
      <Filter>Scripts</Filter>
    </None>
    <None Include="..\..\Run\Videogame\Data\Scripts\debug_params.lua">
      <Filter>Scripts</Filter>
    </None>
    <None Include="..\..\Run\Videogame\Data\Scripts\init.lua">
      <Filter>Scripts</Filter>
    </None>
    <None Include="..\..\Run\Videogame\Data\Scripts\Game\init_game.lua">
      <Filter>Scripts\Game</Filter>
    </None>
    <None Include="..\..\Run\Videogame\Data\Scripts\Game\helpers.lua">
      <Filter>Scripts\Game</Filter>
    </None>
    <None Include="..\..\Run\Videogame\Data\Scripts\Game\Player\player_animation_jump_state.lua">
      <Filter>Scripts\Game\Player</Filter>
    </None>
    <None Include="..\..\Run\Videogame\Data\Scripts\Game\Player\player_animation_run_state.lua">
      <Filter>Scripts\Game\Player</Filter>
    </None>
    <None Include="..\..\Run\Videogame\Data\Scripts\Game\Player\player_attack_state.lua">
      <Filter>Scripts\Game\Player</Filter>
    </None>
    <None Include="..\..\Run\Videogame\Data\Scripts\Game\Player\player_attack2_state.lua">
      <Filter>Scripts\Game\Player</Filter>
    </None>
    <None Include="..\..\Run\Videogame\Data\Scripts\Game\Player\player_attack3_state.lua">
      <Filter>Scripts\Game\Player</Filter>
    </None>
    <None Include="..\..\Run\Videogame\Data\Scripts\Game\Player\player_defense_state.lua">
      <Filter>Scripts\Game\Player</Filter>
    </None>
    <None Include="..\..\Run\Videogame\Data\Scripts\Game\Player\player_hit_state.lua">
      <Filter>Scripts\Game\Player</Filter>
    </None>
    <None Include="..\..\Run\Videogame\Data\Scripts\Game\Player\player_idle_state.lua">
      <Filter>Scripts\Game\Player</Filter>
    </None>
    <None Include="..\..\Run\Videogame\Data\Scripts\Game\Player\player_jump_state.lua">
      <Filter>Scripts\Game\Player</Filter>
    </None>
    <None Include="..\..\Run\Videogame\Data\Scripts\Game\Player\player_run_state.lua">
      <Filter>Scripts\Game\Player</Filter>
    </None>
    <None Include="..\..\Run\Videogame\Data\Scripts\Game\Player\player_target_attack_state.lua">
      <Filter>Scripts\Game\Player</Filter>
    </None>
    <None Include="..\..\Run\Videogame\Data\Scripts\Game\Player\player_target_attack2_state.lua">
      <Filter>Scripts\Game\Player</Filter>
    </None>
    <None Include="..\..\Run\Videogame\Data\Scripts\Game\Player\player_target_attack3_state.lua">
      <Filter>Scripts\Game\Player</Filter>
    </None>
    <None Include="..\..\Run\Videogame\Data\Scripts\Game\Player\player_target_run_state.lua">
      <Filter>Scripts\Game\Player</Filter>
    </None>
    <None Include="..\..\Run\Videogame\Data\Scripts\Game\Player\player.lua">
      <Filter>Scripts\Game\Player</Filter>
    </None>
    <None Include="..\..\Run\Videogame\Data\Scripts\Game\Player\player_animation_attack_state.lua">
      <Filter>Scripts\Game\Player</Filter>
    </None>
    <None Include="..\..\Run\Videogame\Data\Scripts\Game\Player\player_animation_attack2_state.lua">
      <Filter>Scripts\Game\Player</Filter>
    </None>
    <None Include="..\..\Run\Videogame\Data\Scripts\Game\Player\player_animation_attack3_state.lua">
      <Filter>Scripts\Game\Player</Filter>
    </None>
    <None Include="..\..\Run\Videogame\Data\Scripts\Game\Player\player_animation_defense_state.lua">
      <Filter>Scripts\Game\Player</Filter>
    </None>
    <None Include="..\..\Run\Videogame\Data\Scripts\Game\Player\player_animation_hit_state.lua">
      <Filter>Scripts\Game\Player</Filter>
    </None>
    <None Include="..\..\Run\Videogame\Data\Scripts\Game\Player\player_animation_idle_state.lua">
      <Filter>Scripts\Game\Player</Filter>
    </None>
    <None Include="..\..\Run\Videogame\Data\Scripts\Game\Enemies\Rabbit.lua">
      <Filter>Scripts\Game\Enemies</Filter>
    </None>
    <None Include="..\..\Run\Videogame\Data\Scripts\Game\Enemies\Wolf.lua">
      <Filter>Scripts\Game\Enemies</Filter>
    </None>
    <None Include="..\..\Run\Videogame\Data\Scripts\Game\Enemies\wolf_states\wolf_animated_run_attack_state.lua">
      <Filter>Scripts\Game\Enemies\wolf_states</Filter>
    </None>
    <None Include="..\..\Run\Videogame\Data\Scripts\Game\Enemies\wolf_states\wolf_animated_run_state.lua">
      <Filter>Scripts\Game\Enemies\wolf_states</Filter>
    </None>
    <None Include="..\..\Run\Videogame\Data\Scripts\Game\Enemies\wolf_states\wolf_animated_still_attack_state.lua">
      <Filter>Scripts\Game\Enemies\wolf_states</Filter>
    </None>
    <None Include="..\..\Run\Videogame\Data\Scripts\Game\Enemies\wolf_states\wolf_animated_walk_state.lua">
      <Filter>Scripts\Game\Enemies\wolf_states</Filter>
    </None>
    <None Include="..\..\Run\Videogame\Data\Scripts\Game\Enemies\wolf_states\wolf_attack_state.lua">
      <Filter>Scripts\Game\Enemies\wolf_states</Filter>
    </None>
    <None Include="..\..\Run\Videogame\Data\Scripts\Game\Enemies\wolf_states\wolf_deffense_state.lua">
      <Filter>Scripts\Game\Enemies\wolf_states</Filter>
    </None>
    <None Include="..\..\Run\Videogame\Data\Scripts\Game\Enemies\wolf_states\wolf_evade_state.lua">
      <Filter>Scripts\Game\Enemies\wolf_states</Filter>
    </None>
    <None Include="..\..\Run\Videogame\Data\Scripts\Game\Enemies\wolf_states\wolf_flee_state.lua">
      <Filter>Scripts\Game\Enemies\wolf_states</Filter>
    </None>
    <None Include="..\..\Run\Videogame\Data\Scripts\Game\Enemies\wolf_states\wolf_hit_state.lua">
      <Filter>Scripts\Game\Enemies\wolf_states</Filter>
    </None>
    <None Include="..\..\Run\Videogame\Data\Scripts\Game\Enemies\wolf_states\wolf_idle_state.lua">
      <Filter>Scripts\Game\Enemies\wolf_states</Filter>
    </None>
    <None Include="..\..\Run\Videogame\Data\Scripts\Game\Enemies\wolf_states\wolf_path_follow_state.lua">
      <Filter>Scripts\Game\Enemies\wolf_states</Filter>
    </None>
    <None Include="..\..\Run\Videogame\Data\Scripts\Game\Enemies\wolf_states\wolf_pursuit_state.lua">
      <Filter>Scripts\Game\Enemies\wolf_states</Filter>
    </None>
    <None Include="..\..\Run\Videogame\Data\Scripts\Game\Enemies\wolf_states\wolf_run_attack_state.lua">
      <Filter>Scripts\Game\Enemies\wolf_states</Filter>
    </None>
    <None Include="..\..\Run\Videogame\Data\Scripts\Game\Enemies\wolf_states\wolf_run_state.lua">
      <Filter>Scripts\Game\Enemies\wolf_states</Filter>
    </None>
    <None Include="..\..\Run\Videogame\Data\Scripts\Game\Enemies\wolf_states\wolf_seek_state.lua">
      <Filter>Scripts\Game\Enemies\wolf_states</Filter>
    </None>
    <None Include="..\..\Run\Videogame\Data\Scripts\Game\Enemies\wolf_states\wolf_still_attack_state.lua">
      <Filter>Scripts\Game\Enemies\wolf_states</Filter>
    </None>
    <None Include="..\..\Run\Videogame\Data\Scripts\Game\Enemies\wolf_states\wolf_walk_state.lua">
      <Filter>Scripts\Game\Enemies\wolf_states</Filter>
    </None>
    <None Include="..\..\Run\Videogame\Data\Scripts\Game\Enemies\wolf_states\wolf_wander_state.lua">
      <Filter>Scripts\Game\Enemies\wolf_states</Filter>
    </None>
    <None Include="..\..\Run\Videogame\Data\Scripts\Game\Enemies\wolf_states\wolf_animated_hit_state.lua">
      <Filter>Scripts\Game\Enemies\wolf_states</Filter>
    </None>
    <None Include="..\..\Run\Videogame\Data\Scripts\Game\Enemies\wolf_states\wolf_animated_idle_state.lua">
      <Filter>Scripts\Game\Enemies\wolf_states</Filter>
    </None>
    <None Include="..\..\Run\Videogame\Data\Scripts\Game\Enemies\rabbit_states\rabbit_pursuit_state.lua">
      <Filter>Scripts\Game\Enemies\rabbit_states</Filter>
    </None>
    <None Include="..\..\Run\Videogame\Data\Scripts\Game\Enemies\rabbit_states\rabbit_attack_state.lua">
      <Filter>Scripts\Game\Enemies\rabbit_states</Filter>
    </None>
    <None Include="..\..\Run\Videogame\Data\Scripts\Game\Enemies\rabbit_states\rabbit_flee_state.lua">
      <Filter>Scripts\Game\Enemies\rabbit_states</Filter>
    </None>
    <None Include="..\..\Run\Videogame\Data\Scripts\Game\Enemies\rabbit_states\rabbit_hit_state.lua">
      <Filter>Scripts\Game\Enemies\rabbit_states</Filter>
    </None>
    <None Include="..\..\Run\Videogame\Data\Scripts\Game\Enemies\rabbit_states\rabbit_idle_state.lua">
      <Filter>Scripts\Game\Enemies\rabbit_states</Filter>
    </None>
    <None Include="..\..\Run\Videogame\Data\Effects\functions.fx">
      <Filter>Effects</Filter>
    </None>
    <None Include="..\..\Run\Videogame\Data\Effects\Samplers.h">
      <Filter>Effects</Filter>
    </None>
    <None Include="..\..\Run\Videogame\Data\XML\weapons.xml">
      <Filter>XML</Filter>
    </None>
    <None Include="..\..\Run\Videogame\Data\XML\soundbanks.xml">
      <Filter>XML</Filter>
    </None>
    <None Include="..\..\Run\Videogame\Data\XML\speakers.xml">
      <Filter>XML</Filter>
    </None>
    <None Include="..\..\Run\Videogame\Data\Scripts\Game\Triggers\bridge_trigger.lua">
      <Filter>Scripts\Game\Triggers</Filter>
    </None>
    <None Include="..\..\Run\Videogame\Data\Scripts\Game\Triggers\cascade_trigger.lua">
      <Filter>Scripts\Game\Triggers</Filter>
    </None>
    <None Include="..\..\Run\Videogame\Data\Scripts\Game\Triggers\end_game_trigger.lua">
      <Filter>Scripts\Game\Triggers</Filter>
    </None>
    <None Include="..\..\Run\Videogame\Data\Scripts\Game\Triggers\house_trigger.lua">
      <Filter>Scripts\Game\Triggers</Filter>
    </None>
    <None Include="..\..\Run\Videogame\Data\Scripts\Game\Triggers\start_trigger.lua">
      <Filter>Scripts\Game\Triggers</Filter>
    </None>
    <None Include="..\..\Run\Videogame\Data\Scripts\Game\Enemies\rabbit_states\rabbit_animation_death_state.lua">
      <Filter>Scripts\Game\Enemies\rabbit_states</Filter>
    </None>
    <None Include="..\..\Run\Videogame\Data\Scripts\Game\Enemies\rabbit_states\rabbit_animation_defense_state.lua">
      <Filter>Scripts\Game\Enemies\rabbit_states</Filter>
    </None>
    <None Include="..\..\Run\Videogame\Data\Scripts\Game\Enemies\rabbit_states\rabbit_animation_hit_state.lua">
      <Filter>Scripts\Game\Enemies\rabbit_states</Filter>
    </None>
    <None Include="..\..\Run\Videogame\Data\Scripts\Game\Enemies\rabbit_states\rabbit_animation_idle_state.lua">
      <Filter>Scripts\Game\Enemies\rabbit_states</Filter>
    </None>
    <None Include="..\..\Run\Videogame\Data\Scripts\Game\Enemies\rabbit_states\rabbit_animation_idle2_state.lua">
      <Filter>Scripts\Game\Enemies\rabbit_states</Filter>
    </None>
    <None Include="..\..\Run\Videogame\Data\Scripts\Game\Enemies\rabbit_states\rabbit_animation_jump_state.lua">
      <Filter>Scripts\Game\Enemies\rabbit_states</Filter>
    </None>
    <None Include="..\..\Run\Videogame\Data\Scripts\Game\Enemies\rabbit_states\rabbit_animation_left_lateral_state.lua">
      <Filter>Scripts\Game\Enemies\rabbit_states</Filter>
    </None>
    <None Include="..\..\Run\Videogame\Data\Scripts\Game\Enemies\rabbit_states\rabbit_animation_right_lateral_state.lua">
      <Filter>Scripts\Game\Enemies\rabbit_states</Filter>
    </None>
    <None Include="..\..\Run\Videogame\Data\Scripts\Game\Enemies\rabbit_states\rabbit_animation_run_attack_state.lua">
      <Filter>Scripts\Game\Enemies\rabbit_states</Filter>
    </None>
    <None Include="..\..\Run\Videogame\Data\Scripts\Game\Enemies\rabbit_states\rabbit_animation_run_state.lua">
      <Filter>Scripts\Game\Enemies\rabbit_states</Filter>
    </None>
    <None Include="..\..\Run\Videogame\Data\Scripts\Game\Enemies\rabbit_states\rabbit_animation_still_attack_state.lua">
      <Filter>Scripts\Game\Enemies\rabbit_states</Filter>
    </None>
    <None Include="..\..\Run\Videogame\Data\Scripts\Game\Enemies\rabbit_states\rabbit_animation_walk_state.lua">
      <Filter>Scripts\Game\Enemies\rabbit_states</Filter>
    </None>
    <None Include="..\..\Run\Videogame\Data\Scripts\Game\Enemies\rabbit_states\rabbit_defense_state.lua">
      <Filter>Scripts\Game\Enemies\rabbit_states</Filter>
    </None>
    <None Include="..\..\Run\Videogame\Data\Scripts\Game\Enemies\rabbit_states\rabbit_jump_state.lua">
      <Filter>Scripts\Game\Enemies\rabbit_states</Filter>
    </None>
    <None Include="..\..\Run\Videogame\Data\Scripts\Game\Enemies\rabbit_states\rabbit_prepared_to_attack_state.lua">
      <Filter>Scripts\Game\Enemies\rabbit_states</Filter>
    </None>
    <None Include="..\..\Run\Videogame\Data\Scripts\Game\Enemies\rabbit_states\rabbit_run_attack_state.lua">
      <Filter>Scripts\Game\Enemies\rabbit_states</Filter>
    </None>
    <None Include="..\..\Run\Videogame\Data\Scripts\Game\Enemies\rabbit_states\rabbit_seek_state.lua">
      <Filter>Scripts\Game\Enemies\rabbit_states</Filter>
    </None>
    <None Include="..\..\Run\Videogame\Data\Scripts\Game\Enemies\rabbit_states\rabbit_still_attack_state.lua">
      <Filter>Scripts\Game\Enemies\rabbit_states</Filter>
    </None>
    <None Include="..\..\Run\Videogame\Data\Scripts\Game\Enemies\rabbit_states\rabbit_tired_state.lua">
      <Filter>Scripts\Game\Enemies\rabbit_states</Filter>
    </None>
    <None Include="..\..\Run\Videogame\Data\Scripts\Game\Enemies\wolf_states\wolf_animated_defense_state.lua">
      <Filter>Scripts\Game\Enemies\wolf_states</Filter>
    </None>
    <None Include="..\..\Run\Videogame\Data\XML\steering_properties.xml">
      <Filter>XML</Filter>
    </None>
    <None Include="..\..\Run\Videogame\Data\XML\ParticleEmittersSystems.xml">
      <Filter>XML</Filter>
    </None>
    <None Include="..\..\Run\Videogame\Data\XML\ParticleStartUpInstances.xml">
      <Filter>XML</Filter>
    </None>
    <None Include="..\..\Run\Videogame\Data\XML\physxobjs.xml">
      <Filter>XML</Filter>
    </None>
    <None Include="..\..\Run\Videogame\Data\Scripts\Game\Triggers\combat_zone_3.lua">
      <Filter>Scripts\Game\Triggers</Filter>
    </None>
    <None Include="..\..\Run\Videogame\Data\Scripts\Game\Triggers\combat_zone_1.lua">
      <Filter>Scripts\Game\Triggers</Filter>
    </None>
    <None Include="..\..\Run\Videogame\Data\Scripts\Game\Triggers\combat_zone_2.lua">
      <Filter>Scripts\Game\Triggers</Filter>
    </None>
    <None Include="..\..\Run\Videogame\Data\Scripts\Game\Triggers\combat_zone_4.lua">
      <Filter>Scripts\Game\Triggers</Filter>
    </None>
    <None Include="..\..\Run\Videogame\Data\Scripts\Game\Triggers\combat_zone_5.lua">
      <Filter>Scripts\Game\Triggers</Filter>
    </None>
    <None Include="..\..\Run\Videogame\Data\Scripts\Game\Triggers\combat_zone_6.lua">
      <Filter>Scripts\Game\Triggers</Filter>
    </None>
    <None Include="..\..\Run\Videogame\Data\Scripts\Game\Triggers\combat_zone_7.lua">
      <Filter>Scripts\Game\Triggers</Filter>
    </None>
    <None Include="..\..\Run\Videogame\Data\Scripts\Game\Triggers\river_trigger.lua">
      <Filter>Scripts\Game\Triggers</Filter>
    </None>
    <None Include="..\..\Run\Videogame\Data\Scripts\Game\Triggers\combat_zone_8.lua">
      <Filter>Scripts\Game\Triggers</Filter>
    </None>
  </ItemGroup>
  <ItemGroup>
    <CustomBuild Include="..\..\Run\Videogame\Data\Effects\VignettingNoise.fx">
      <Filter>Effects</Filter>
    </CustomBuild>
    <CustomBuild Include="..\..\Run\Videogame\Data\Effects\Vignetting.fx">
      <Filter>Effects</Filter>
    </CustomBuild>
    <CustomBuild Include="..\..\Run\Videogame\Data\Effects\UABEffect.fx">
      <Filter>Effects</Filter>
    </CustomBuild>
    <CustomBuild Include="..\..\Run\Videogame\Data\Effects\SSAOComposition.fx">
      <Filter>Effects</Filter>
    </CustomBuild>
    <CustomBuild Include="..\..\Run\Videogame\Data\Effects\SSAO.fx">
      <Filter>Effects</Filter>
    </CustomBuild>
    <CustomBuild Include="..\..\Run\Videogame\Data\Effects\SSAA.fx">
      <Filter>Effects</Filter>
    </CustomBuild>
    <CustomBuild Include="..\..\Run\Videogame\Data\Effects\SkySphereEffect.fx">
      <Filter>Effects</Filter>
    </CustomBuild>
    <CustomBuild Include="..\..\Run\Videogame\Data\Effects\ParticleEffect.fx">
      <Filter>Effects</Filter>
    </CustomBuild>
    <CustomBuild Include="..\..\Run\Videogame\Data\Effects\normalmap.fx">
      <Filter>Effects</Filter>
    </CustomBuild>
    <CustomBuild Include="..\..\Run\Videogame\Data\Effects\Noise.fx">
      <Filter>Effects</Filter>
    </CustomBuild>
    <CustomBuild Include="..\..\Run\Videogame\Data\Effects\Lights.fx">
      <Filter>Effects</Filter>
    </CustomBuild>
    <CustomBuild Include="..\..\Run\Videogame\Data\Effects\lightmap.fx">
      <Filter>Effects</Filter>
    </CustomBuild>
    <CustomBuild Include="..\..\Run\Videogame\Data\Effects\fxaa.fx">
      <Filter>Effects</Filter>
    </CustomBuild>
    <CustomBuild Include="..\..\Run\Videogame\Data\Effects\ForwardLightingWithNormal.fx">
      <Filter>Effects</Filter>
    </CustomBuild>
    <CustomBuild Include="..\..\Run\Videogame\Data\Effects\ForwardLightingBasic.fx">
      <Filter>Effects</Filter>
    </CustomBuild>
    <CustomBuild Include="..\..\Run\Videogame\Data\Effects\diffuseeffect.fx">
      <Filter>Effects</Filter>
    </CustomBuild>
    <CustomBuild Include="..\..\Run\Videogame\Data\Effects\DeferredSpotLight.fx">
      <Filter>Effects</Filter>
    </CustomBuild>
    <CustomBuild Include="..\..\Run\Videogame\Data\Effects\DeferredModelDrawWithNormalParallax.fx">
      <Filter>Effects</Filter>
    </CustomBuild>
    <CustomBuild Include="..\..\Run\Videogame\Data\Effects\DeferredModelDrawWithNormal.fx">
      <Filter>Effects</Filter>
    </CustomBuild>
    <CustomBuild Include="..\..\Run\Videogame\Data\Effects\DeferredModelDrawRNM.fx">
      <Filter>Effects</Filter>
    </CustomBuild>
    <CustomBuild Include="..\..\Run\Videogame\Data\Effects\ColorGrading.fx">
      <Filter>Effects</Filter>
    </CustomBuild>
    <CustomBuild Include="..\..\Run\Videogame\Data\Effects\ClearGBuffer.fx">
      <Filter>Effects</Filter>
    </CustomBuild>
    <CustomBuild Include="..\..\Run\Videogame\Data\Effects\Cal3DEffect.fx">
      <Filter>Effects</Filter>
    </CustomBuild>
    <CustomBuild Include="..\..\Run\Videogame\Data\Effects\BloomPostProcess.fx">
      <Filter>Effects</Filter>
    </CustomBuild>
    <CustomBuild Include="..\..\Run\Videogame\Data\Effects\BasicQuadEffect.fx">
      <Filter>Effects</Filter>
    </CustomBuild>
    <CustomBuild Include="..\..\Run\Videogame\Data\Effects\BasicDeferredModelDraw.fx">
      <Filter>Effects</Filter>
    </CustomBuild>
    <CustomBuild Include="..\..\Run\Videogame\Data\Effects\BasicDeferredLightingCombine.fx">
      <Filter>Effects</Filter>
    </CustomBuild>
    <CustomBuild Include="..\..\Run\Videogame\Data\Effects\BasicDeferredLightingAndShadow.fx">
      <Filter>Effects</Filter>
    </CustomBuild>
    <CustomBuild Include="..\..\Run\Videogame\Data\Effects\BasicDeferredLighting.fx">
      <Filter>Effects</Filter>
    </CustomBuild>
    <CustomBuild Include="..\..\Run\Videogame\Data\Effects\BasicBuildShadowMap.fx">
      <Filter>Effects</Filter>
    </CustomBuild>
    <CustomBuild Include="..\..\Run\Videogame\Data\Effects\AmbientLight.fx">
      <Filter>Effects</Filter>
    </CustomBuild>
    <CustomBuild Include="..\..\Run\Videogame\Data\Effects\ZBlur.fx">
      <Filter>Effects</Filter>
    </CustomBuild>
    <CustomBuild Include="..\..\Run\Videogame\Data\Effects\TerrainEffect.fx">
      <Filter>Effects</Filter>
    </CustomBuild>
    <CustomBuild Include="..\..\Run\Videogame\Data\Effects\MotionBlurEffect.fx">
      <Filter>Effects</Filter>
    </CustomBuild>
    <CustomBuild Include="..\..\Run\Videogame\Data\Effects\BasicEffect.fx">
      <Filter>Effects</Filter>
    </CustomBuild>
    <CustomBuild Include="..\..\Run\Videogame\Data\Effects\DyingEffect.fx">
      <Filter>Effects</Filter>
    </CustomBuild>
  </ItemGroup>
</Project>